
Microsoft Visual Studio Solution File, Format Version 12.00
# Visual Studio 14
VisualStudioVersion = 14.0.23107.0
MinimumVisualStudioVersion = 10.0.40219.1
Project("{FAE04EC0-301F-11D3-BF4B-00C04F79EFBC}") = "Transformalize", "Transformalize\Transformalize.csproj", "{154566AF-2842-44C8-985B-F8D809E8FD79}"
EndProject
Project("{FAE04EC0-301F-11D3-BF4B-00C04F79EFBC}") = "Transformalize.Test", "Transformalize.Test\Transformalize.Test.csproj", "{4CA7B249-2105-4286-987E-BDECB7139075}"
EndProject
Project("{FAE04EC0-301F-11D3-BF4B-00C04F79EFBC}") = "Transformalize.Run", "Transformalize.Run\Transformalize.Run.csproj", "{A54EDD25-349C-420F-8517-F350964298C2}"
EndProject
Project("{2150E333-8FDC-42A3-9474-1A3956D46DE8}") = "Solution Items", "Solution Items", "{9F97BFD9-DB95-483F-BF26-6ADA42D2D334}"
	ProjectSection(SolutionItems) = preProject
		README.md = README.md
		WE-Markdown.css = WE-Markdown.css
	EndProjectSection
EndProject
Project("{FAE04EC0-301F-11D3-BF4B-00C04F79EFBC}") = "Transformalize.Orchard", "Transformalize.Orchard\Transformalize.Orchard.csproj", "{FDEBD5FC-6AA3-494F-A223-A1BDB7CCD107}"
EndProject
Project("{2150E333-8FDC-42A3-9474-1A3956D46DE8}") = ".nuget", ".nuget", "{A7963D10-5351-4044-BCBB-589B720CEF64}"
	ProjectSection(SolutionItems) = preProject
		.nuget\NuGet.Config = .nuget\NuGet.Config
		.nuget\NuGet.exe = .nuget\NuGet.exe
		.nuget\NuGet.targets = .nuget\NuGet.targets
	EndProjectSection
EndProject
Project("{2150E333-8FDC-42A3-9474-1A3956D46DE8}") = "Articles", "Articles", "{2015F370-2D4E-4EBC-B9E7-7FC3CA0A2037}"
	ProjectSection(SolutionItems) = preProject
		Articles\BackupSqlExpress.md = Articles\BackupSqlExpress.md
		Articles\FantasyFootballKibana.md = Articles\FantasyFootballKibana.md
		Articles\SolrWindsApache.md = Articles\SolrWindsApache.md
	EndProjectSection
EndProject
Global
	GlobalSection(SolutionConfigurationPlatforms) = preSolution
		Debug|Any CPU = Debug|Any CPU
		Debug|Mixed Platforms = Debug|Mixed Platforms
		Debug|x64 = Debug|x64
		Debug|x86 = Debug|x86
		Release|Any CPU = Release|Any CPU
		Release|Mixed Platforms = Release|Mixed Platforms
		Release|x64 = Release|x64
		Release|x86 = Release|x86
	EndGlobalSection
	GlobalSection(ProjectConfigurationPlatforms) = postSolution
		{154566AF-2842-44C8-985B-F8D809E8FD79}.Debug|Any CPU.ActiveCfg = Debug|Any CPU
		{154566AF-2842-44C8-985B-F8D809E8FD79}.Debug|Any CPU.Build.0 = Debug|Any CPU
		{154566AF-2842-44C8-985B-F8D809E8FD79}.Debug|Mixed Platforms.ActiveCfg = Debug|Any CPU
		{154566AF-2842-44C8-985B-F8D809E8FD79}.Debug|Mixed Platforms.Build.0 = Debug|Any CPU
		{154566AF-2842-44C8-985B-F8D809E8FD79}.Debug|x64.ActiveCfg = Debug|Any CPU
		{154566AF-2842-44C8-985B-F8D809E8FD79}.Debug|x64.Build.0 = Debug|Any CPU
		{154566AF-2842-44C8-985B-F8D809E8FD79}.Debug|x86.ActiveCfg = Debug|Any CPU
		{154566AF-2842-44C8-985B-F8D809E8FD79}.Debug|x86.Build.0 = Debug|Any CPU
		{154566AF-2842-44C8-985B-F8D809E8FD79}.Release|Any CPU.ActiveCfg = Release|Any CPU
		{154566AF-2842-44C8-985B-F8D809E8FD79}.Release|Any CPU.Build.0 = Release|Any CPU
		{154566AF-2842-44C8-985B-F8D809E8FD79}.Release|Mixed Platforms.ActiveCfg = Release|Any CPU
		{154566AF-2842-44C8-985B-F8D809E8FD79}.Release|Mixed Platforms.Build.0 = Release|Any CPU
		{154566AF-2842-44C8-985B-F8D809E8FD79}.Release|x64.ActiveCfg = Release|Any CPU
		{154566AF-2842-44C8-985B-F8D809E8FD79}.Release|x64.Build.0 = Release|Any CPU
		{154566AF-2842-44C8-985B-F8D809E8FD79}.Release|x86.ActiveCfg = Release|Any CPU
		{154566AF-2842-44C8-985B-F8D809E8FD79}.Release|x86.Build.0 = Release|Any CPU
		{4CA7B249-2105-4286-987E-BDECB7139075}.Debug|Any CPU.ActiveCfg = Debug|Any CPU
		{4CA7B249-2105-4286-987E-BDECB7139075}.Debug|Any CPU.Build.0 = Debug|Any CPU
		{4CA7B249-2105-4286-987E-BDECB7139075}.Debug|Mixed Platforms.ActiveCfg = Debug|x86
		{4CA7B249-2105-4286-987E-BDECB7139075}.Debug|Mixed Platforms.Build.0 = Debug|x86
		{4CA7B249-2105-4286-987E-BDECB7139075}.Debug|x64.ActiveCfg = Debug|x64
		{4CA7B249-2105-4286-987E-BDECB7139075}.Debug|x64.Build.0 = Debug|x64
		{4CA7B249-2105-4286-987E-BDECB7139075}.Debug|x86.ActiveCfg = Debug|x86
		{4CA7B249-2105-4286-987E-BDECB7139075}.Debug|x86.Build.0 = Debug|x86
		{4CA7B249-2105-4286-987E-BDECB7139075}.Release|Any CPU.ActiveCfg = Release|Any CPU
		{4CA7B249-2105-4286-987E-BDECB7139075}.Release|Any CPU.Build.0 = Release|Any CPU
		{4CA7B249-2105-4286-987E-BDECB7139075}.Release|Mixed Platforms.ActiveCfg = Release|x86
		{4CA7B249-2105-4286-987E-BDECB7139075}.Release|Mixed Platforms.Build.0 = Release|x86
		{4CA7B249-2105-4286-987E-BDECB7139075}.Release|x64.ActiveCfg = Release|x64
		{4CA7B249-2105-4286-987E-BDECB7139075}.Release|x64.Build.0 = Release|x64
		{4CA7B249-2105-4286-987E-BDECB7139075}.Release|x86.ActiveCfg = Release|x86
		{4CA7B249-2105-4286-987E-BDECB7139075}.Release|x86.Build.0 = Release|x86
		{A54EDD25-349C-420F-8517-F350964298C2}.Debug|Any CPU.ActiveCfg = Debug|Any CPU
		{A54EDD25-349C-420F-8517-F350964298C2}.Debug|Any CPU.Build.0 = Debug|Any CPU
		{A54EDD25-349C-420F-8517-F350964298C2}.Debug|Mixed Platforms.ActiveCfg = Debug|x86
		{A54EDD25-349C-420F-8517-F350964298C2}.Debug|Mixed Platforms.Build.0 = Debug|x86
		{A54EDD25-349C-420F-8517-F350964298C2}.Debug|x64.ActiveCfg = Debug|x64
		{A54EDD25-349C-420F-8517-F350964298C2}.Debug|x64.Build.0 = Debug|x64
		{A54EDD25-349C-420F-8517-F350964298C2}.Debug|x86.ActiveCfg = Debug|x86
		{A54EDD25-349C-420F-8517-F350964298C2}.Debug|x86.Build.0 = Debug|x86
		{A54EDD25-349C-420F-8517-F350964298C2}.Release|Any CPU.ActiveCfg = Release|Any CPU
		{A54EDD25-349C-420F-8517-F350964298C2}.Release|Any CPU.Build.0 = Release|Any CPU
		{A54EDD25-349C-420F-8517-F350964298C2}.Release|Mixed Platforms.ActiveCfg = Release|x86
		{A54EDD25-349C-420F-8517-F350964298C2}.Release|Mixed Platforms.Build.0 = Release|x86
		{A54EDD25-349C-420F-8517-F350964298C2}.Release|x64.ActiveCfg = Release|x64
		{A54EDD25-349C-420F-8517-F350964298C2}.Release|x64.Build.0 = Release|x64
		{A54EDD25-349C-420F-8517-F350964298C2}.Release|x86.ActiveCfg = Release|x86
		{A54EDD25-349C-420F-8517-F350964298C2}.Release|x86.Build.0 = Release|x86
		{FDEBD5FC-6AA3-494F-A223-A1BDB7CCD107}.Debug|Any CPU.ActiveCfg = Debug|Any CPU
		{FDEBD5FC-6AA3-494F-A223-A1BDB7CCD107}.Debug|Any CPU.Build.0 = Debug|Any CPU
		{FDEBD5FC-6AA3-494F-A223-A1BDB7CCD107}.Debug|Mixed Platforms.ActiveCfg = Debug|Any CPU
		{FDEBD5FC-6AA3-494F-A223-A1BDB7CCD107}.Debug|Mixed Platforms.Build.0 = Debug|Any CPU
		{FDEBD5FC-6AA3-494F-A223-A1BDB7CCD107}.Debug|x64.ActiveCfg = Debug|Any CPU
		{FDEBD5FC-6AA3-494F-A223-A1BDB7CCD107}.Debug|x86.ActiveCfg = Debug|Any CPU
		{FDEBD5FC-6AA3-494F-A223-A1BDB7CCD107}.Release|Any CPU.ActiveCfg = Release|Any CPU
		{FDEBD5FC-6AA3-494F-A223-A1BDB7CCD107}.Release|Any CPU.Build.0 = Release|Any CPU
		{FDEBD5FC-6AA3-494F-A223-A1BDB7CCD107}.Release|Mixed Platforms.ActiveCfg = Release|Any CPU
		{FDEBD5FC-6AA3-494F-A223-A1BDB7CCD107}.Release|Mixed Platforms.Build.0 = Release|Any CPU
		{FDEBD5FC-6AA3-494F-A223-A1BDB7CCD107}.Release|x64.ActiveCfg = Release|Any CPU
		{FDEBD5FC-6AA3-494F-A223-A1BDB7CCD107}.Release|x86.ActiveCfg = Release|Any CPU
	EndGlobalSection
	GlobalSection(SolutionProperties) = preSolution
		HideSolutionNode = FALSE
	EndGlobalSection
	GlobalSection(NestedProjects) = preSolution
		{2015F370-2D4E-4EBC-B9E7-7FC3CA0A2037} = {9F97BFD9-DB95-483F-BF26-6ADA42D2D334}
	EndGlobalSection
EndGlobal
