
Microsoft Visual Studio Solution File, Format Version 12.00
# Visual Studio Version 16
VisualStudioVersion = 16.0.28729.10
MinimumVisualStudioVersion = 10.0.40219.1
Project("{2150E333-8FDC-42A3-9474-1A3956D46DE8}") = "Solution Items", "Solution Items", "{9F97BFD9-DB95-483F-BF26-6ADA42D2D334}"
	ProjectSection(SolutionItems) = preProject
		.gitattributes = .gitattributes
		.gitignore = .gitignore
		appveyor.yml = appveyor.yml
		LICENSE.md = LICENSE.md
		README.md = README.md
		WE-Markdown.css = WE-Markdown.css
	EndProjectSection
EndProject
Project("{FAE04EC0-301F-11D3-BF4B-00C04F79EFBC}") = "Pipeline.Logging.NLog", "Pipeline.Logging.NLog\Pipeline.Logging.NLog.csproj", "{5F5DC0B4-2AB2-4933-A2C6-D0EB89FDFF53}"
EndProject
Project("{FAE04EC0-301F-11D3-BF4B-00C04F79EFBC}") = "Pipeline.Scheduler.Quartz", "Pipeline.Scheduler.Quartz\Pipeline.Scheduler.Quartz.csproj", "{24F88AAF-2DC3-4AA1-B385-C6C7748CBE77}"
EndProject
Project("{2150E333-8FDC-42A3-9474-1A3956D46DE8}") = "Providers", "Providers", "{FB1833DA-C3E8-46E8-8866-3AD0CF8EF3F9}"
EndProject
Project("{FAE04EC0-301F-11D3-BF4B-00C04F79EFBC}") = "File", "Providers\File\File.csproj", "{93B94D0E-4287-46D3-82EF-F81C636574DD}"
EndProject
Project("{FAE04EC0-301F-11D3-BF4B-00C04F79EFBC}") = "Pipeline.Ioc.Autofac", "Pipeline.Ioc.Autofac\Pipeline.Ioc.Autofac.csproj", "{58FF362E-4A8D-459E-A174-5AAAE7EA8953}"
EndProject
Project("{FAE04EC0-301F-11D3-BF4B-00C04F79EFBC}") = "Pipeline.Command", "Pipeline.Command\Pipeline.Command.csproj", "{C0AD9D94-4126-4452-BD01-1118FB827F39}"
EndProject
Project("{2150E333-8FDC-42A3-9474-1A3956D46DE8}") = "Files", "Files", "{6ADEE326-F1A6-486F-89D1-ACA0E2A24720}"
	ProjectSection(SolutionItems) = preProject
		Files\babies.xml = Files\babies.xml
		Files\babies.xml.png = Files\babies.xml.png
		Files\baby-names.csv = Files\baby-names.csv
		Files\business.sql = Files\business.sql
		Files\business.sqlite3 = Files\business.sqlite3
		Files\edit-hello-world-in-orchard-cms.png = Files\edit-hello-world-in-orchard-cms.png
		Files\er-to-star.png = Files\er-to-star.png
		Files\more-babies.xml = Files\more-babies.xml
		Files\northwind-diagram.png = Files\northwind-diagram.png
		Files\northwind-in-banana-youtube.png = Files\northwind-in-banana-youtube.png
		Files\northwind-in-excel-youtube.png = Files\northwind-in-excel-youtube.png
		Files\northwind-in-kibana-youtube.png = Files\northwind-in-kibana-youtube.png
		Files\Northwind_in_Kibana5_4YouTube.png = Files\Northwind_in_Kibana5_4YouTube.png
		Files\NorthWindEntitiesRelated.xml = Files\NorthWindEntitiesRelated.xml
		Files\notepadpp.png = Files\notepadpp.png
		Files\npp-orderline-csv.jpg = Files\npp-orderline-csv.jpg
		Files\old-testament.txt = Files\old-testament.txt
		Files\vscode-orderline-json.jpg = Files\vscode-orderline-json.jpg
	EndProjectSection
EndProject
Project("{2150E333-8FDC-42A3-9474-1A3956D46DE8}") = "Transforms", "Transforms", "{6D8CE7D5-73C6-4DE8-B9AF-539007080B74}"
EndProject
Project("{FAE04EC0-301F-11D3-BF4B-00C04F79EFBC}") = "OpenXml", "Providers\OpenXml\OpenXml.csproj", "{C2800256-5DE1-4BC9-9D5E-8BDE3CC8353D}"
EndProject
Project("{2150E333-8FDC-42A3-9474-1A3956D46DE8}") = "Compatibility", "Compatibility", "{0A44435F-A0BC-418F-BA9C-B5FFC27D5589}"
EndProject
Project("{2150E333-8FDC-42A3-9474-1A3956D46DE8}") = "Nuget", "Nuget", "{3F8C89D9-47DE-413F-A383-39B7A23FFC22}"
	ProjectSection(SolutionItems) = preProject
		Nuget\nuget.bat = Nuget\nuget.bat
		Nuget\nuget.push.bat = Nuget\nuget.push.bat
		Nuget\Transformalize.Logging.NLog.nuspec = Nuget\Transformalize.Logging.NLog.nuspec
		Nuget\Transformalize.nuspec = Nuget\Transformalize.nuspec
		Nuget\Transformalize.Provider.Console.nuspec = Nuget\Transformalize.Provider.Console.nuspec
		Nuget\Transformalize.Provider.File.nuspec = Nuget\Transformalize.Provider.File.nuspec
		Nuget\Transformalize.Provider.Kml.nuspec = Nuget\Transformalize.Provider.Kml.nuspec
		Nuget\Transformalize.Provider.OpenXml.nuspec = Nuget\Transformalize.Provider.OpenXml.nuspec
		Nuget\Transformalize.Provider.Trace.nuspec = Nuget\Transformalize.Provider.Trace.nuspec
		Nuget\Transformalize.Scheduler.Quartz.nuspec = Nuget\Transformalize.Scheduler.Quartz.nuspec
		Nuget\Transformalize.Transform.Compression.nuspec = Nuget\Transformalize.Transform.Compression.nuspec
		Nuget\Transformalize.Transform.Geography.nuspec = Nuget\Transformalize.Transform.Geography.nuspec
		Nuget\Transformalize.Transform.Globalization.nuspec = Nuget\Transformalize.Transform.Globalization.nuspec
		Nuget\Transformalize.Transform.Html.nuspec = Nuget\Transformalize.Transform.Html.nuspec
		Nuget\Transformalize.Transform.Json.nuspec = Nuget\Transformalize.Transform.Json.nuspec
		Nuget\Transformalize.Transform.Xml.nuspec = Nuget\Transformalize.Transform.Xml.nuspec
	EndProjectSection
EndProject
Project("{FAE04EC0-301F-11D3-BF4B-00C04F79EFBC}") = "Tests", "Tests\Tests.csproj", "{89D90201-5EA9-4D51-B4A7-0A977FB7504D}"
EndProject
Project("{FAE04EC0-301F-11D3-BF4B-00C04F79EFBC}") = "Kml", "Providers\Kml\Kml.csproj", "{64D47F26-3787-42CE-AD4C-3AEA348AA567}"
EndProject
Project("{FAE04EC0-301F-11D3-BF4B-00C04F79EFBC}") = "Console", "Providers\Console\Console.csproj", "{32AEE29F-519F-4A61-AF6C-BC218611B6FF}"
EndProject
Project("{FAE04EC0-301F-11D3-BF4B-00C04F79EFBC}") = "Trace", "Providers\Trace\Trace.csproj", "{77811C79-9CC7-40A8-BA7C-148A02AB6AC2}"
EndProject
Project("{FAE04EC0-301F-11D3-BF4B-00C04F79EFBC}") = "Geography", "Transforms\Geography\Geography.csproj", "{F49EEF2B-5CF8-4643-8131-921D5A41C884}"
EndProject
Project("{FAE04EC0-301F-11D3-BF4B-00C04F79EFBC}") = "Html", "Transforms\Html\Html.csproj", "{05087BE0-7469-474B-8306-8F64F5F02D50}"
EndProject
Project("{D954291E-2A0B-460D-934E-DC6B0785DB48}") = "Transformalize", "Transformalize\Transformalize.shproj", "{13144F6B-B1FE-4029-9D2C-3C06E662D627}"
EndProject
Project("{FAE04EC0-301F-11D3-BF4B-00C04F79EFBC}") = "Transformalize", "Compatibility\Transformalize\Transformalize.csproj", "{50C78FAA-713D-495F-971E-47F3ACA46971}"
EndProject
Project("{FAE04EC0-301F-11D3-BF4B-00C04F79EFBC}") = "Transformalize.40", "Compatibility\Transformalize.40\Transformalize.40.csproj", "{5E20AA15-9FF3-4278-BB6D-DC1ACED49BA4}"
EndProject
Project("{FAE04EC0-301F-11D3-BF4B-00C04F79EFBC}") = "Transformalize.45", "Compatibility\Transformalize.45\Transformalize.45.csproj", "{9E2C7FD8-890C-4CCF-927F-AE40ECD49013}"
EndProject
Project("{FAE04EC0-301F-11D3-BF4B-00C04F79EFBC}") = "Transformalize.452", "Compatibility\Transformalize.452\Transformalize.452.csproj", "{AD22843C-D4F0-431D-8250-6BE4DB802D82}"
EndProject
Project("{FAE04EC0-301F-11D3-BF4B-00C04F79EFBC}") = "Json", "Transforms\Json\Json.csproj", "{98F2BF35-376A-4DFA-BAEF-CC491410219F}"
EndProject
Project("{FAE04EC0-301F-11D3-BF4B-00C04F79EFBC}") = "Xml", "Transforms\Xml\Xml.csproj", "{3407ED24-C039-44ED-AEAC-F29C945DFFDE}"
EndProject
Project("{FAE04EC0-301F-11D3-BF4B-00C04F79EFBC}") = "Compression", "Transforms\Compression\Compression.csproj", "{36724DD4-0A61-494B-ABCB-4FE845306EB8}"
EndProject
Project("{FAE04EC0-301F-11D3-BF4B-00C04F79EFBC}") = "Globalization", "Transforms\Globalization\Globalization.csproj", "{55C2704F-CAAB-4EEC-AF2E-9B3A775D4598}"
EndProject
Project("{FAE04EC0-301F-11D3-BF4B-00C04F79EFBC}") = "Transformalize.462", "Compatibility\Transformalize.462\Transformalize.462.csproj", "{8FFA5596-C738-479A-A0F7-1D88BA62B610}"
EndProject
Project("{2150E333-8FDC-42A3-9474-1A3956D46DE8}") = "Demo", "Demo", "{00A6A3EF-B483-4A04-83B3-4208E28EAAED}"
	ProjectSection(SolutionItems) = preProject
		Files\Demo\northwind-ts.sdf = Files\Demo\northwind-ts.sdf
		Files\Demo\northwind.sdf = Files\Demo\northwind.sdf
	EndProjectSection
EndProject
Global
	GlobalSection(SharedMSBuildProjectFiles) = preSolution
		Transformalize\Pipeline.Shared.projitems*{13144f6b-b1fe-4029-9d2c-3c06e662d627}*SharedItemsImports = 13
		Transformalize\Pipeline.Shared.projitems*{50c78faa-713d-495f-971e-47f3aca46971}*SharedItemsImports = 4
		Transformalize\Pipeline.Shared.projitems*{5e20aa15-9ff3-4278-bb6d-dc1aced49ba4}*SharedItemsImports = 4
		Transformalize\Pipeline.Shared.projitems*{8ffa5596-c738-479a-a0f7-1d88ba62b610}*SharedItemsImports = 4
		Transformalize\Pipeline.Shared.projitems*{9e2c7fd8-890c-4ccf-927f-ae40ecd49013}*SharedItemsImports = 4
		Transformalize\Pipeline.Shared.projitems*{ad22843c-d4f0-431d-8250-6be4db802d82}*SharedItemsImports = 4
	EndGlobalSection
	GlobalSection(SolutionConfigurationPlatforms) = preSolution
		Debug|Any CPU = Debug|Any CPU
		Release|Any CPU = Release|Any CPU
		Description = A Configurable ETL Solution Specializing in Incremental Denormalization
	EndGlobalSection
	GlobalSection(ProjectConfigurationPlatforms) = postSolution
		{5F5DC0B4-2AB2-4933-A2C6-D0EB89FDFF53}.Debug|Any CPU.ActiveCfg = Debug|Any CPU
		{5F5DC0B4-2AB2-4933-A2C6-D0EB89FDFF53}.Debug|Any CPU.Build.0 = Debug|Any CPU
		{5F5DC0B4-2AB2-4933-A2C6-D0EB89FDFF53}.Release|Any CPU.ActiveCfg = Release|Any CPU
		{5F5DC0B4-2AB2-4933-A2C6-D0EB89FDFF53}.Release|Any CPU.Build.0 = Release|Any CPU
		{24F88AAF-2DC3-4AA1-B385-C6C7748CBE77}.Debug|Any CPU.ActiveCfg = Debug|Any CPU
		{24F88AAF-2DC3-4AA1-B385-C6C7748CBE77}.Debug|Any CPU.Build.0 = Debug|Any CPU
		{24F88AAF-2DC3-4AA1-B385-C6C7748CBE77}.Release|Any CPU.ActiveCfg = Release|Any CPU
		{24F88AAF-2DC3-4AA1-B385-C6C7748CBE77}.Release|Any CPU.Build.0 = Release|Any CPU
		{93B94D0E-4287-46D3-82EF-F81C636574DD}.Debug|Any CPU.ActiveCfg = Debug|Any CPU
		{93B94D0E-4287-46D3-82EF-F81C636574DD}.Debug|Any CPU.Build.0 = Debug|Any CPU
		{93B94D0E-4287-46D3-82EF-F81C636574DD}.Release|Any CPU.ActiveCfg = Release|Any CPU
		{93B94D0E-4287-46D3-82EF-F81C636574DD}.Release|Any CPU.Build.0 = Release|Any CPU
		{58FF362E-4A8D-459E-A174-5AAAE7EA8953}.Debug|Any CPU.ActiveCfg = Debug|Any CPU
		{58FF362E-4A8D-459E-A174-5AAAE7EA8953}.Debug|Any CPU.Build.0 = Debug|Any CPU
		{58FF362E-4A8D-459E-A174-5AAAE7EA8953}.Release|Any CPU.ActiveCfg = Release|Any CPU
		{58FF362E-4A8D-459E-A174-5AAAE7EA8953}.Release|Any CPU.Build.0 = Release|Any CPU
		{C0AD9D94-4126-4452-BD01-1118FB827F39}.Debug|Any CPU.ActiveCfg = Debug|x64
		{C0AD9D94-4126-4452-BD01-1118FB827F39}.Debug|Any CPU.Build.0 = Debug|x64
		{C0AD9D94-4126-4452-BD01-1118FB827F39}.Release|Any CPU.ActiveCfg = Release|x64
		{C0AD9D94-4126-4452-BD01-1118FB827F39}.Release|Any CPU.Build.0 = Release|x64
		{C2800256-5DE1-4BC9-9D5E-8BDE3CC8353D}.Debug|Any CPU.ActiveCfg = Debug|Any CPU
		{C2800256-5DE1-4BC9-9D5E-8BDE3CC8353D}.Debug|Any CPU.Build.0 = Debug|Any CPU
		{C2800256-5DE1-4BC9-9D5E-8BDE3CC8353D}.Release|Any CPU.ActiveCfg = Release|Any CPU
		{C2800256-5DE1-4BC9-9D5E-8BDE3CC8353D}.Release|Any CPU.Build.0 = Release|Any CPU
		{89D90201-5EA9-4D51-B4A7-0A977FB7504D}.Debug|Any CPU.ActiveCfg = Debug|Any CPU
		{89D90201-5EA9-4D51-B4A7-0A977FB7504D}.Debug|Any CPU.Build.0 = Debug|Any CPU
		{89D90201-5EA9-4D51-B4A7-0A977FB7504D}.Release|Any CPU.ActiveCfg = Release|Any CPU
		{89D90201-5EA9-4D51-B4A7-0A977FB7504D}.Release|Any CPU.Build.0 = Release|Any CPU
		{64D47F26-3787-42CE-AD4C-3AEA348AA567}.Debug|Any CPU.ActiveCfg = Debug|Any CPU
		{64D47F26-3787-42CE-AD4C-3AEA348AA567}.Debug|Any CPU.Build.0 = Debug|Any CPU
		{64D47F26-3787-42CE-AD4C-3AEA348AA567}.Release|Any CPU.ActiveCfg = Release|Any CPU
		{64D47F26-3787-42CE-AD4C-3AEA348AA567}.Release|Any CPU.Build.0 = Release|Any CPU
		{32AEE29F-519F-4A61-AF6C-BC218611B6FF}.Debug|Any CPU.ActiveCfg = Debug|Any CPU
		{32AEE29F-519F-4A61-AF6C-BC218611B6FF}.Debug|Any CPU.Build.0 = Debug|Any CPU
		{32AEE29F-519F-4A61-AF6C-BC218611B6FF}.Release|Any CPU.ActiveCfg = Release|Any CPU
		{32AEE29F-519F-4A61-AF6C-BC218611B6FF}.Release|Any CPU.Build.0 = Release|Any CPU
		{77811C79-9CC7-40A8-BA7C-148A02AB6AC2}.Debug|Any CPU.ActiveCfg = Debug|Any CPU
		{77811C79-9CC7-40A8-BA7C-148A02AB6AC2}.Debug|Any CPU.Build.0 = Debug|Any CPU
		{77811C79-9CC7-40A8-BA7C-148A02AB6AC2}.Release|Any CPU.ActiveCfg = Release|Any CPU
		{77811C79-9CC7-40A8-BA7C-148A02AB6AC2}.Release|Any CPU.Build.0 = Release|Any CPU
		{F49EEF2B-5CF8-4643-8131-921D5A41C884}.Debug|Any CPU.ActiveCfg = Debug|Any CPU
		{F49EEF2B-5CF8-4643-8131-921D5A41C884}.Debug|Any CPU.Build.0 = Debug|Any CPU
		{F49EEF2B-5CF8-4643-8131-921D5A41C884}.Release|Any CPU.ActiveCfg = Release|Any CPU
		{F49EEF2B-5CF8-4643-8131-921D5A41C884}.Release|Any CPU.Build.0 = Release|Any CPU
		{05087BE0-7469-474B-8306-8F64F5F02D50}.Debug|Any CPU.ActiveCfg = Debug|Any CPU
		{05087BE0-7469-474B-8306-8F64F5F02D50}.Debug|Any CPU.Build.0 = Debug|Any CPU
		{05087BE0-7469-474B-8306-8F64F5F02D50}.Release|Any CPU.ActiveCfg = Release|Any CPU
		{05087BE0-7469-474B-8306-8F64F5F02D50}.Release|Any CPU.Build.0 = Release|Any CPU
		{50C78FAA-713D-495F-971E-47F3ACA46971}.Debug|Any CPU.ActiveCfg = Debug|Any CPU
		{50C78FAA-713D-495F-971E-47F3ACA46971}.Debug|Any CPU.Build.0 = Debug|Any CPU
		{50C78FAA-713D-495F-971E-47F3ACA46971}.Release|Any CPU.ActiveCfg = Release|Any CPU
		{50C78FAA-713D-495F-971E-47F3ACA46971}.Release|Any CPU.Build.0 = Release|Any CPU
		{5E20AA15-9FF3-4278-BB6D-DC1ACED49BA4}.Debug|Any CPU.ActiveCfg = Debug|Any CPU
		{5E20AA15-9FF3-4278-BB6D-DC1ACED49BA4}.Debug|Any CPU.Build.0 = Debug|Any CPU
		{5E20AA15-9FF3-4278-BB6D-DC1ACED49BA4}.Release|Any CPU.ActiveCfg = Release|Any CPU
		{5E20AA15-9FF3-4278-BB6D-DC1ACED49BA4}.Release|Any CPU.Build.0 = Release|Any CPU
		{9E2C7FD8-890C-4CCF-927F-AE40ECD49013}.Debug|Any CPU.ActiveCfg = Debug|Any CPU
		{9E2C7FD8-890C-4CCF-927F-AE40ECD49013}.Debug|Any CPU.Build.0 = Debug|Any CPU
		{9E2C7FD8-890C-4CCF-927F-AE40ECD49013}.Release|Any CPU.ActiveCfg = Release|Any CPU
		{9E2C7FD8-890C-4CCF-927F-AE40ECD49013}.Release|Any CPU.Build.0 = Release|Any CPU
		{AD22843C-D4F0-431D-8250-6BE4DB802D82}.Debug|Any CPU.ActiveCfg = Debug|Any CPU
		{AD22843C-D4F0-431D-8250-6BE4DB802D82}.Debug|Any CPU.Build.0 = Debug|Any CPU
		{AD22843C-D4F0-431D-8250-6BE4DB802D82}.Release|Any CPU.ActiveCfg = Release|Any CPU
		{AD22843C-D4F0-431D-8250-6BE4DB802D82}.Release|Any CPU.Build.0 = Release|Any CPU
		{98F2BF35-376A-4DFA-BAEF-CC491410219F}.Debug|Any CPU.ActiveCfg = Debug|Any CPU
		{98F2BF35-376A-4DFA-BAEF-CC491410219F}.Debug|Any CPU.Build.0 = Debug|Any CPU
		{98F2BF35-376A-4DFA-BAEF-CC491410219F}.Release|Any CPU.ActiveCfg = Release|Any CPU
		{98F2BF35-376A-4DFA-BAEF-CC491410219F}.Release|Any CPU.Build.0 = Release|Any CPU
		{3407ED24-C039-44ED-AEAC-F29C945DFFDE}.Debug|Any CPU.ActiveCfg = Debug|Any CPU
		{3407ED24-C039-44ED-AEAC-F29C945DFFDE}.Debug|Any CPU.Build.0 = Debug|Any CPU
		{3407ED24-C039-44ED-AEAC-F29C945DFFDE}.Release|Any CPU.ActiveCfg = Release|Any CPU
		{3407ED24-C039-44ED-AEAC-F29C945DFFDE}.Release|Any CPU.Build.0 = Release|Any CPU
		{36724DD4-0A61-494B-ABCB-4FE845306EB8}.Debug|Any CPU.ActiveCfg = Debug|Any CPU
		{36724DD4-0A61-494B-ABCB-4FE845306EB8}.Debug|Any CPU.Build.0 = Debug|Any CPU
		{36724DD4-0A61-494B-ABCB-4FE845306EB8}.Release|Any CPU.ActiveCfg = Release|Any CPU
		{36724DD4-0A61-494B-ABCB-4FE845306EB8}.Release|Any CPU.Build.0 = Release|Any CPU
		{55C2704F-CAAB-4EEC-AF2E-9B3A775D4598}.Debug|Any CPU.ActiveCfg = Debug|Any CPU
		{55C2704F-CAAB-4EEC-AF2E-9B3A775D4598}.Debug|Any CPU.Build.0 = Debug|Any CPU
		{55C2704F-CAAB-4EEC-AF2E-9B3A775D4598}.Release|Any CPU.ActiveCfg = Release|Any CPU
		{55C2704F-CAAB-4EEC-AF2E-9B3A775D4598}.Release|Any CPU.Build.0 = Release|Any CPU
		{8FFA5596-C738-479A-A0F7-1D88BA62B610}.Debug|Any CPU.ActiveCfg = Debug|Any CPU
		{8FFA5596-C738-479A-A0F7-1D88BA62B610}.Debug|Any CPU.Build.0 = Debug|Any CPU
		{8FFA5596-C738-479A-A0F7-1D88BA62B610}.Release|Any CPU.ActiveCfg = Release|Any CPU
		{8FFA5596-C738-479A-A0F7-1D88BA62B610}.Release|Any CPU.Build.0 = Release|Any CPU
	EndGlobalSection
	GlobalSection(SolutionProperties) = preSolution
		HideSolutionNode = FALSE
	EndGlobalSection
	GlobalSection(NestedProjects) = preSolution
		{93B94D0E-4287-46D3-82EF-F81C636574DD} = {FB1833DA-C3E8-46E8-8866-3AD0CF8EF3F9}
		{6ADEE326-F1A6-486F-89D1-ACA0E2A24720} = {9F97BFD9-DB95-483F-BF26-6ADA42D2D334}
		{C2800256-5DE1-4BC9-9D5E-8BDE3CC8353D} = {FB1833DA-C3E8-46E8-8866-3AD0CF8EF3F9}
		{3F8C89D9-47DE-413F-A383-39B7A23FFC22} = {9F97BFD9-DB95-483F-BF26-6ADA42D2D334}
		{64D47F26-3787-42CE-AD4C-3AEA348AA567} = {FB1833DA-C3E8-46E8-8866-3AD0CF8EF3F9}
		{32AEE29F-519F-4A61-AF6C-BC218611B6FF} = {FB1833DA-C3E8-46E8-8866-3AD0CF8EF3F9}
		{77811C79-9CC7-40A8-BA7C-148A02AB6AC2} = {FB1833DA-C3E8-46E8-8866-3AD0CF8EF3F9}
		{F49EEF2B-5CF8-4643-8131-921D5A41C884} = {6D8CE7D5-73C6-4DE8-B9AF-539007080B74}
		{05087BE0-7469-474B-8306-8F64F5F02D50} = {6D8CE7D5-73C6-4DE8-B9AF-539007080B74}
		{50C78FAA-713D-495F-971E-47F3ACA46971} = {0A44435F-A0BC-418F-BA9C-B5FFC27D5589}
		{5E20AA15-9FF3-4278-BB6D-DC1ACED49BA4} = {0A44435F-A0BC-418F-BA9C-B5FFC27D5589}
		{9E2C7FD8-890C-4CCF-927F-AE40ECD49013} = {0A44435F-A0BC-418F-BA9C-B5FFC27D5589}
		{AD22843C-D4F0-431D-8250-6BE4DB802D82} = {0A44435F-A0BC-418F-BA9C-B5FFC27D5589}
		{98F2BF35-376A-4DFA-BAEF-CC491410219F} = {6D8CE7D5-73C6-4DE8-B9AF-539007080B74}
		{3407ED24-C039-44ED-AEAC-F29C945DFFDE} = {6D8CE7D5-73C6-4DE8-B9AF-539007080B74}
		{36724DD4-0A61-494B-ABCB-4FE845306EB8} = {6D8CE7D5-73C6-4DE8-B9AF-539007080B74}
		{55C2704F-CAAB-4EEC-AF2E-9B3A775D4598} = {6D8CE7D5-73C6-4DE8-B9AF-539007080B74}
		{8FFA5596-C738-479A-A0F7-1D88BA62B610} = {0A44435F-A0BC-418F-BA9C-B5FFC27D5589}
		{00A6A3EF-B483-4A04-83B3-4208E28EAAED} = {6ADEE326-F1A6-486F-89D1-ACA0E2A24720}
	EndGlobalSection
	GlobalSection(ExtensibilityGlobals) = postSolution
		SolutionGuid = {485BFA9F-A9CF-4371-93AA-13184522861A}
	EndGlobalSection
	GlobalSection(Performance) = preSolution
		HasPerformanceSessions = true
	EndGlobalSection
	GlobalSection(Performance) = preSolution
		HasPerformanceSessions = true
	EndGlobalSection
	GlobalSection(Performance) = preSolution
		HasPerformanceSessions = true
	EndGlobalSection
	GlobalSection(Performance) = preSolution
		HasPerformanceSessions = true
	EndGlobalSection
EndGlobal
