
Microsoft Visual Studio Solution File, Format Version 12.00
# Visual Studio Version 17
VisualStudioVersion = 17.2.32526.322
MinimumVisualStudioVersion = 10.0.40219.1
Project("{2150E333-8FDC-42A3-9474-1A3956D46DE8}") = "Solution Items", "Solution Items", "{9F97BFD9-DB95-483F-BF26-6ADA42D2D334}"
	ProjectSection(SolutionItems) = preProject
		.gitattributes = .gitattributes
		.gitignore = .gitignore
		appveyor.yml = appveyor.yml
		docker.sh = docker.sh
		LICENSE.md = LICENSE.md
		nuget.config = nuget.config
		README.md = README.md
		README_WIP.md = README_WIP.md
		WE-Markdown.css = WE-Markdown.css
	EndProjectSection
EndProject
Project("{2150E333-8FDC-42A3-9474-1A3956D46DE8}") = "Providers", "Providers", "{FB1833DA-C3E8-46E8-8866-3AD0CF8EF3F9}"
EndProject
Project("{2150E333-8FDC-42A3-9474-1A3956D46DE8}") = "Files", "Files", "{6ADEE326-F1A6-486F-89D1-ACA0E2A24720}"
	ProjectSection(SolutionItems) = preProject
		Files\babies.xml = Files\babies.xml
		Files\babies.xml.png = Files\babies.xml.png
		Files\baby-names.csv = Files\baby-names.csv
		Files\business.sql = Files\business.sql
		Files\business.sqlite3 = Files\business.sqlite3
		Files\edit-hello-world-in-orchard-cms.png = Files\edit-hello-world-in-orchard-cms.png
		Files\er-to-star.png = Files\er-to-star.png
		Files\more-babies.xml = Files\more-babies.xml
		Files\northwind-diagram.png = Files\northwind-diagram.png
		Files\northwind-in-banana-youtube.png = Files\northwind-in-banana-youtube.png
		Files\northwind-in-excel-youtube.png = Files\northwind-in-excel-youtube.png
		Files\northwind-in-kibana-youtube.png = Files\northwind-in-kibana-youtube.png
		Files\NorthWindEntitiesRelated.xml = Files\NorthWindEntitiesRelated.xml
		Files\Northwind_in_Kibana5_4YouTube.png = Files\Northwind_in_Kibana5_4YouTube.png
		Files\notepadpp.png = Files\notepadpp.png
		Files\npp-orderline-csv.jpg = Files\npp-orderline-csv.jpg
		Files\old-testament.txt = Files\old-testament.txt
		Files\vscode-orderline-json.jpg = Files\vscode-orderline-json.jpg
	EndProjectSection
EndProject
Project("{2150E333-8FDC-42A3-9474-1A3956D46DE8}") = "Transforms", "Transforms", "{6D8CE7D5-73C6-4DE8-B9AF-539007080B74}"
EndProject
Project("{2150E333-8FDC-42A3-9474-1A3956D46DE8}") = "Nuget", "Nuget", "{3F8C89D9-47DE-413F-A383-39B7A23FFC22}"
	ProjectSection(SolutionItems) = preProject
		Nuget\myget.push.bat = Nuget\myget.push.bat
		Nuget\nuget.bat = Nuget\nuget.bat
		Nuget\nuget.push.bat = Nuget\nuget.push.bat
		Nuget\Transformalize.Container.Autofac.nuspec = Nuget\Transformalize.Container.Autofac.nuspec
		Nuget\Transformalize.Logging.NLog.nuspec = Nuget\Transformalize.Logging.NLog.nuspec
		Nuget\Transformalize.nuspec = Nuget\Transformalize.nuspec
		Nuget\Transformalize.Provider.Console.Autofac.nuspec = Nuget\Transformalize.Provider.Console.Autofac.nuspec
		Nuget\Transformalize.Provider.Console.nuspec = Nuget\Transformalize.Provider.Console.nuspec
		Nuget\Transformalize.Provider.File.Autofac.nuspec = Nuget\Transformalize.Provider.File.Autofac.nuspec
		Nuget\Transformalize.Provider.File.nuspec = Nuget\Transformalize.Provider.File.nuspec
		Nuget\Transformalize.Provider.Kml.nuspec = Nuget\Transformalize.Provider.Kml.nuspec
		Nuget\Transformalize.Provider.OpenXml.nuspec = Nuget\Transformalize.Provider.OpenXml.nuspec
		Nuget\Transformalize.Provider.Trace.nuspec = Nuget\Transformalize.Provider.Trace.nuspec
		Nuget\Transformalize.Transform.Compression.nuspec = Nuget\Transformalize.Transform.Compression.nuspec
		Nuget\Transformalize.Transform.Geography.nuspec = Nuget\Transformalize.Transform.Geography.nuspec
		Nuget\Transformalize.Transform.Globalization.nuspec = Nuget\Transformalize.Transform.Globalization.nuspec
		Nuget\Transformalize.Transform.Xml.nuspec = Nuget\Transformalize.Transform.Xml.nuspec
	EndProjectSection
EndProject
Project("{2150E333-8FDC-42A3-9474-1A3956D46DE8}") = "Demo", "Demo", "{00A6A3EF-B483-4A04-83B3-4208E28EAAED}"
	ProjectSection(SolutionItems) = preProject
		Files\Demo\northwind-ts.sdf = Files\Demo\northwind-ts.sdf
		Files\Demo\northwind.sdf = Files\Demo\northwind.sdf
	EndProjectSection
EndProject
Project("{2150E333-8FDC-42A3-9474-1A3956D46DE8}") = "Containers", "Containers", "{E69DA380-CE9F-4427-A220-31D347DB5444}"
EndProject
Project("{2150E333-8FDC-42A3-9474-1A3956D46DE8}") = "Autofac", "Autofac", "{B5882853-4EEA-4780-9AD5-8465603A710E}"
EndProject
Project("{2150E333-8FDC-42A3-9474-1A3956D46DE8}") = "Logging", "Logging", "{FE37F2CE-75CB-4EFE-96D4-28B60B3C525A}"
EndProject
Project("{2150E333-8FDC-42A3-9474-1A3956D46DE8}") = "NLog", "NLog", "{95250A69-B8F2-4181-9708-03048C08BB32}"
EndProject
Project("{2150E333-8FDC-42A3-9474-1A3956D46DE8}") = "Console", "Console", "{37658F8D-E462-4A64-A3DA-754D42B49BC3}"
EndProject
Project("{2150E333-8FDC-42A3-9474-1A3956D46DE8}") = "File", "File", "{92C7D0BD-AE6E-4BB0-9B69-FD99D6A3CC81}"
EndProject
Project("{9A19103F-16F7-4668-BE54-9A1E7A4F7556}") = "CLI", "src\CLI\CLI.csproj", "{40F20EAC-6457-445B-A30D-7F7678786A5D}"
EndProject
Project("{9A19103F-16F7-4668-BE54-9A1E7A4F7556}") = "Transformalize", "src\Transformalize\Transformalize.csproj", "{3DFD527B-3B9D-4B38-AF6D-D324754841F4}"
EndProject
Project("{2150E333-8FDC-42A3-9474-1A3956D46DE8}") = "Tests", "Tests", "{2D77AE46-3D56-4F3A-A787-E740767B0714}"
EndProject
Project("{9A19103F-16F7-4668-BE54-9A1E7A4F7556}") = "Test.Unit.Core", "src\Tests\Test.Unit.Core\Test.Unit.Core.csproj", "{B655822B-EC85-45C4-81AE-54A3759B98DC}"
EndProject
Project("{D954291E-2A0B-460D-934E-DC6B0785DB48}") = "Test.Unit.Shared", "src\Tests\Test.Unit.Shared\Test.Unit.Shared.shproj", "{CC0D9D4A-1DF1-4CBC-940E-ECFD16030932}"
EndProject
Project("{9A19103F-16F7-4668-BE54-9A1E7A4F7556}") = "Kml.Standard.20", "src\Providers\Kml.Standard.20\Kml.Standard.20.csproj", "{40396080-83F3-46AE-A19B-AA6EA0FB9CF6}"
EndProject
Project("{9A19103F-16F7-4668-BE54-9A1E7A4F7556}") = "OpenXml.Standard.20", "src\Providers\OpenXml.Standard.20\OpenXml.Standard.20.csproj", "{C5983323-589D-4FE0-AA7F-CABD997ED21C}"
EndProject
Project("{D954291E-2A0B-460D-934E-DC6B0785DB48}") = "Autofac.Shared", "src\Containers\Autofac\Autofac.Shared\Autofac.Shared.shproj", "{C41EFBE7-25D0-4608-A37A-456E705A97E3}"
EndProject
Project("{9A19103F-16F7-4668-BE54-9A1E7A4F7556}") = "Autofac.Standard.20", "src\Containers\Autofac\Autofac.Standard.20\Autofac.Standard.20.csproj", "{6E826C36-C487-4C4F-8000-530F7193A027}"
EndProject
Project("{9A19103F-16F7-4668-BE54-9A1E7A4F7556}") = "NLog.Standard.20", "src\Logging\NLog\NLog.Standard.20\NLog.Standard.20.csproj", "{38FC156B-EDF5-4D94-8A50-FB67F5C008E7}"
EndProject
Project("{9A19103F-16F7-4668-BE54-9A1E7A4F7556}") = "Trace.Standard.20", "src\Providers\Trace.Standard.20\Trace.Standard.20.csproj", "{76BFD182-39A3-458F-9EA5-50724446032E}"
EndProject
Project("{D954291E-2A0B-460D-934E-DC6B0785DB48}") = "Console.Shared", "src\Providers\Console\Console.Shared\Console.Shared.shproj", "{8F345BFB-28E6-412F-86BB-2B3E43752138}"
EndProject
Project("{9A19103F-16F7-4668-BE54-9A1E7A4F7556}") = "Console.Standard.20", "src\Providers\Console\Console.Standard.20\Console.Standard.20.csproj", "{79951F95-4891-4E3D-BA9F-53E9EBC3615C}"
EndProject
Project("{9A19103F-16F7-4668-BE54-9A1E7A4F7556}") = "Console.Autofac.Standard.20", "src\Providers\Console\Console.Autofac.Standard.20\Console.Autofac.Standard.20.csproj", "{87084DDC-E9F4-429A-8FF3-C28D6FF23134}"
EndProject
Project("{D954291E-2A0B-460D-934E-DC6B0785DB48}") = "File.Shared", "src\Providers\File\File.Shared\File.Shared.shproj", "{0A9E0F50-3B9D-43B0-A3B7-9184B6535D31}"
EndProject
Project("{9A19103F-16F7-4668-BE54-9A1E7A4F7556}") = "File.Standard.20", "src\Providers\File\File.Standard.20\File.Standard.20.csproj", "{D03656EA-F8FF-4EFA-AE5E-027773C357A4}"
EndProject
Project("{9A19103F-16F7-4668-BE54-9A1E7A4F7556}") = "File.Autofac.Standard.20", "src\Providers\File\File.Autofac.Standard.20\File.Autofac.Standard.20.csproj", "{6FD8B578-EB14-4938-8B85-417B4B9856AC}"
EndProject
Project("{9A19103F-16F7-4668-BE54-9A1E7A4F7556}") = "Compression.Standard.20", "src\Transforms\Compression.Standard.20\Compression.Standard.20.csproj", "{7FEB3EA6-DBE5-4785-A234-C11558E95742}"
EndProject
Project("{9A19103F-16F7-4668-BE54-9A1E7A4F7556}") = "Geography.Standard.20", "src\Transforms\Geography.Standard.20\Geography.Standard.20.csproj", "{5647977A-41EC-44B7-B2F0-9EAC3DD61B97}"
EndProject
Project("{9A19103F-16F7-4668-BE54-9A1E7A4F7556}") = "Globalization.Standard.20", "src\Transforms\Globalization.Standard.20\Globalization.Standard.20.csproj", "{5FC982D6-54C3-49F5-BDB8-B04ABABA26BA}"
EndProject
Project("{9A19103F-16F7-4668-BE54-9A1E7A4F7556}") = "Xml.Standard.20", "src\Transforms\Xml.Standard.20\Xml.Standard.20.csproj", "{826E681C-B1B6-43F6-BB66-B618877C8175}"
EndProject
Project("{2150E333-8FDC-42A3-9474-1A3956D46DE8}") = "Workflows", "Workflows", "{393CF8C2-05CA-4D3C-8F46-25929692A363}"
	ProjectSection(SolutionItems) = preProject
		.github\workflows\dotnet.yml = .github\workflows\dotnet.yml
	EndProjectSection
EndProject
Global
	GlobalSection(SolutionConfigurationPlatforms) = preSolution
		Debug|Any CPU = Debug|Any CPU
		Debug|x64 = Debug|x64
		Debug|x86 = Debug|x86
		Release|Any CPU = Release|Any CPU
		Release|x64 = Release|x64
		Release|x86 = Release|x86
		Description = A Configurable ETL Solution Specializing in Incremental Denormalization
	EndGlobalSection
	GlobalSection(ProjectConfigurationPlatforms) = postSolution
		{40F20EAC-6457-445B-A30D-7F7678786A5D}.Debug|Any CPU.ActiveCfg = Debug|Any CPU
		{40F20EAC-6457-445B-A30D-7F7678786A5D}.Debug|Any CPU.Build.0 = Debug|Any CPU
		{40F20EAC-6457-445B-A30D-7F7678786A5D}.Debug|x64.ActiveCfg = Debug|Any CPU
		{40F20EAC-6457-445B-A30D-7F7678786A5D}.Debug|x64.Build.0 = Debug|Any CPU
		{40F20EAC-6457-445B-A30D-7F7678786A5D}.Debug|x86.ActiveCfg = Debug|Any CPU
		{40F20EAC-6457-445B-A30D-7F7678786A5D}.Debug|x86.Build.0 = Debug|Any CPU
		{40F20EAC-6457-445B-A30D-7F7678786A5D}.Release|Any CPU.ActiveCfg = Release|Any CPU
		{40F20EAC-6457-445B-A30D-7F7678786A5D}.Release|Any CPU.Build.0 = Release|Any CPU
		{40F20EAC-6457-445B-A30D-7F7678786A5D}.Release|x64.ActiveCfg = Release|Any CPU
		{40F20EAC-6457-445B-A30D-7F7678786A5D}.Release|x64.Build.0 = Release|Any CPU
		{40F20EAC-6457-445B-A30D-7F7678786A5D}.Release|x86.ActiveCfg = Release|Any CPU
		{40F20EAC-6457-445B-A30D-7F7678786A5D}.Release|x86.Build.0 = Release|Any CPU
		{3DFD527B-3B9D-4B38-AF6D-D324754841F4}.Debug|Any CPU.ActiveCfg = Debug|Any CPU
		{3DFD527B-3B9D-4B38-AF6D-D324754841F4}.Debug|Any CPU.Build.0 = Debug|Any CPU
		{3DFD527B-3B9D-4B38-AF6D-D324754841F4}.Debug|x64.ActiveCfg = Debug|Any CPU
		{3DFD527B-3B9D-4B38-AF6D-D324754841F4}.Debug|x64.Build.0 = Debug|Any CPU
		{3DFD527B-3B9D-4B38-AF6D-D324754841F4}.Debug|x86.ActiveCfg = Debug|Any CPU
		{3DFD527B-3B9D-4B38-AF6D-D324754841F4}.Debug|x86.Build.0 = Debug|Any CPU
		{3DFD527B-3B9D-4B38-AF6D-D324754841F4}.Release|Any CPU.ActiveCfg = Release|Any CPU
		{3DFD527B-3B9D-4B38-AF6D-D324754841F4}.Release|Any CPU.Build.0 = Release|Any CPU
		{3DFD527B-3B9D-4B38-AF6D-D324754841F4}.Release|x64.ActiveCfg = Release|Any CPU
		{3DFD527B-3B9D-4B38-AF6D-D324754841F4}.Release|x64.Build.0 = Release|Any CPU
		{3DFD527B-3B9D-4B38-AF6D-D324754841F4}.Release|x86.ActiveCfg = Release|Any CPU
		{3DFD527B-3B9D-4B38-AF6D-D324754841F4}.Release|x86.Build.0 = Release|Any CPU
		{B655822B-EC85-45C4-81AE-54A3759B98DC}.Debug|Any CPU.ActiveCfg = Debug|Any CPU
		{B655822B-EC85-45C4-81AE-54A3759B98DC}.Debug|Any CPU.Build.0 = Debug|Any CPU
		{B655822B-EC85-45C4-81AE-54A3759B98DC}.Debug|x64.ActiveCfg = Debug|Any CPU
		{B655822B-EC85-45C4-81AE-54A3759B98DC}.Debug|x64.Build.0 = Debug|Any CPU
		{B655822B-EC85-45C4-81AE-54A3759B98DC}.Debug|x86.ActiveCfg = Debug|Any CPU
		{B655822B-EC85-45C4-81AE-54A3759B98DC}.Debug|x86.Build.0 = Debug|Any CPU
		{B655822B-EC85-45C4-81AE-54A3759B98DC}.Release|Any CPU.ActiveCfg = Release|Any CPU
		{B655822B-EC85-45C4-81AE-54A3759B98DC}.Release|Any CPU.Build.0 = Release|Any CPU
		{B655822B-EC85-45C4-81AE-54A3759B98DC}.Release|x64.ActiveCfg = Release|Any CPU
		{B655822B-EC85-45C4-81AE-54A3759B98DC}.Release|x64.Build.0 = Release|Any CPU
		{B655822B-EC85-45C4-81AE-54A3759B98DC}.Release|x86.ActiveCfg = Release|Any CPU
		{B655822B-EC85-45C4-81AE-54A3759B98DC}.Release|x86.Build.0 = Release|Any CPU
		{40396080-83F3-46AE-A19B-AA6EA0FB9CF6}.Debug|Any CPU.ActiveCfg = Debug|Any CPU
		{40396080-83F3-46AE-A19B-AA6EA0FB9CF6}.Debug|Any CPU.Build.0 = Debug|Any CPU
		{40396080-83F3-46AE-A19B-AA6EA0FB9CF6}.Debug|x64.ActiveCfg = Debug|Any CPU
		{40396080-83F3-46AE-A19B-AA6EA0FB9CF6}.Debug|x64.Build.0 = Debug|Any CPU
		{40396080-83F3-46AE-A19B-AA6EA0FB9CF6}.Debug|x86.ActiveCfg = Debug|Any CPU
		{40396080-83F3-46AE-A19B-AA6EA0FB9CF6}.Debug|x86.Build.0 = Debug|Any CPU
		{40396080-83F3-46AE-A19B-AA6EA0FB9CF6}.Release|Any CPU.ActiveCfg = Release|Any CPU
		{40396080-83F3-46AE-A19B-AA6EA0FB9CF6}.Release|Any CPU.Build.0 = Release|Any CPU
		{40396080-83F3-46AE-A19B-AA6EA0FB9CF6}.Release|x64.ActiveCfg = Release|Any CPU
		{40396080-83F3-46AE-A19B-AA6EA0FB9CF6}.Release|x64.Build.0 = Release|Any CPU
		{40396080-83F3-46AE-A19B-AA6EA0FB9CF6}.Release|x86.ActiveCfg = Release|Any CPU
		{40396080-83F3-46AE-A19B-AA6EA0FB9CF6}.Release|x86.Build.0 = Release|Any CPU
		{C5983323-589D-4FE0-AA7F-CABD997ED21C}.Debug|Any CPU.ActiveCfg = Debug|Any CPU
		{C5983323-589D-4FE0-AA7F-CABD997ED21C}.Debug|Any CPU.Build.0 = Debug|Any CPU
		{C5983323-589D-4FE0-AA7F-CABD997ED21C}.Debug|x64.ActiveCfg = Debug|Any CPU
		{C5983323-589D-4FE0-AA7F-CABD997ED21C}.Debug|x64.Build.0 = Debug|Any CPU
		{C5983323-589D-4FE0-AA7F-CABD997ED21C}.Debug|x86.ActiveCfg = Debug|Any CPU
		{C5983323-589D-4FE0-AA7F-CABD997ED21C}.Debug|x86.Build.0 = Debug|Any CPU
		{C5983323-589D-4FE0-AA7F-CABD997ED21C}.Release|Any CPU.ActiveCfg = Release|Any CPU
		{C5983323-589D-4FE0-AA7F-CABD997ED21C}.Release|Any CPU.Build.0 = Release|Any CPU
		{C5983323-589D-4FE0-AA7F-CABD997ED21C}.Release|x64.ActiveCfg = Release|Any CPU
		{C5983323-589D-4FE0-AA7F-CABD997ED21C}.Release|x64.Build.0 = Release|Any CPU
		{C5983323-589D-4FE0-AA7F-CABD997ED21C}.Release|x86.ActiveCfg = Release|Any CPU
		{C5983323-589D-4FE0-AA7F-CABD997ED21C}.Release|x86.Build.0 = Release|Any CPU
		{6E826C36-C487-4C4F-8000-530F7193A027}.Debug|Any CPU.ActiveCfg = Debug|Any CPU
		{6E826C36-C487-4C4F-8000-530F7193A027}.Debug|Any CPU.Build.0 = Debug|Any CPU
		{6E826C36-C487-4C4F-8000-530F7193A027}.Debug|x64.ActiveCfg = Debug|Any CPU
		{6E826C36-C487-4C4F-8000-530F7193A027}.Debug|x64.Build.0 = Debug|Any CPU
		{6E826C36-C487-4C4F-8000-530F7193A027}.Debug|x86.ActiveCfg = Debug|Any CPU
		{6E826C36-C487-4C4F-8000-530F7193A027}.Debug|x86.Build.0 = Debug|Any CPU
		{6E826C36-C487-4C4F-8000-530F7193A027}.Release|Any CPU.ActiveCfg = Release|Any CPU
		{6E826C36-C487-4C4F-8000-530F7193A027}.Release|Any CPU.Build.0 = Release|Any CPU
		{6E826C36-C487-4C4F-8000-530F7193A027}.Release|x64.ActiveCfg = Release|Any CPU
		{6E826C36-C487-4C4F-8000-530F7193A027}.Release|x64.Build.0 = Release|Any CPU
		{6E826C36-C487-4C4F-8000-530F7193A027}.Release|x86.ActiveCfg = Release|Any CPU
		{6E826C36-C487-4C4F-8000-530F7193A027}.Release|x86.Build.0 = Release|Any CPU
		{38FC156B-EDF5-4D94-8A50-FB67F5C008E7}.Debug|Any CPU.ActiveCfg = Debug|Any CPU
		{38FC156B-EDF5-4D94-8A50-FB67F5C008E7}.Debug|Any CPU.Build.0 = Debug|Any CPU
		{38FC156B-EDF5-4D94-8A50-FB67F5C008E7}.Debug|x64.ActiveCfg = Debug|Any CPU
		{38FC156B-EDF5-4D94-8A50-FB67F5C008E7}.Debug|x64.Build.0 = Debug|Any CPU
		{38FC156B-EDF5-4D94-8A50-FB67F5C008E7}.Debug|x86.ActiveCfg = Debug|Any CPU
		{38FC156B-EDF5-4D94-8A50-FB67F5C008E7}.Debug|x86.Build.0 = Debug|Any CPU
		{38FC156B-EDF5-4D94-8A50-FB67F5C008E7}.Release|Any CPU.ActiveCfg = Release|Any CPU
		{38FC156B-EDF5-4D94-8A50-FB67F5C008E7}.Release|Any CPU.Build.0 = Release|Any CPU
		{38FC156B-EDF5-4D94-8A50-FB67F5C008E7}.Release|x64.ActiveCfg = Release|Any CPU
		{38FC156B-EDF5-4D94-8A50-FB67F5C008E7}.Release|x64.Build.0 = Release|Any CPU
		{38FC156B-EDF5-4D94-8A50-FB67F5C008E7}.Release|x86.ActiveCfg = Release|Any CPU
		{38FC156B-EDF5-4D94-8A50-FB67F5C008E7}.Release|x86.Build.0 = Release|Any CPU
		{76BFD182-39A3-458F-9EA5-50724446032E}.Debug|Any CPU.ActiveCfg = Debug|Any CPU
		{76BFD182-39A3-458F-9EA5-50724446032E}.Debug|Any CPU.Build.0 = Debug|Any CPU
		{76BFD182-39A3-458F-9EA5-50724446032E}.Debug|x64.ActiveCfg = Debug|Any CPU
		{76BFD182-39A3-458F-9EA5-50724446032E}.Debug|x64.Build.0 = Debug|Any CPU
		{76BFD182-39A3-458F-9EA5-50724446032E}.Debug|x86.ActiveCfg = Debug|Any CPU
		{76BFD182-39A3-458F-9EA5-50724446032E}.Debug|x86.Build.0 = Debug|Any CPU
		{76BFD182-39A3-458F-9EA5-50724446032E}.Release|Any CPU.ActiveCfg = Release|Any CPU
		{76BFD182-39A3-458F-9EA5-50724446032E}.Release|Any CPU.Build.0 = Release|Any CPU
		{76BFD182-39A3-458F-9EA5-50724446032E}.Release|x64.ActiveCfg = Release|Any CPU
		{76BFD182-39A3-458F-9EA5-50724446032E}.Release|x64.Build.0 = Release|Any CPU
		{76BFD182-39A3-458F-9EA5-50724446032E}.Release|x86.ActiveCfg = Release|Any CPU
		{76BFD182-39A3-458F-9EA5-50724446032E}.Release|x86.Build.0 = Release|Any CPU
		{79951F95-4891-4E3D-BA9F-53E9EBC3615C}.Debug|Any CPU.ActiveCfg = Debug|Any CPU
		{79951F95-4891-4E3D-BA9F-53E9EBC3615C}.Debug|Any CPU.Build.0 = Debug|Any CPU
		{79951F95-4891-4E3D-BA9F-53E9EBC3615C}.Debug|x64.ActiveCfg = Debug|Any CPU
		{79951F95-4891-4E3D-BA9F-53E9EBC3615C}.Debug|x64.Build.0 = Debug|Any CPU
		{79951F95-4891-4E3D-BA9F-53E9EBC3615C}.Debug|x86.ActiveCfg = Debug|Any CPU
		{79951F95-4891-4E3D-BA9F-53E9EBC3615C}.Debug|x86.Build.0 = Debug|Any CPU
		{79951F95-4891-4E3D-BA9F-53E9EBC3615C}.Release|Any CPU.ActiveCfg = Release|Any CPU
		{79951F95-4891-4E3D-BA9F-53E9EBC3615C}.Release|Any CPU.Build.0 = Release|Any CPU
		{79951F95-4891-4E3D-BA9F-53E9EBC3615C}.Release|x64.ActiveCfg = Release|Any CPU
		{79951F95-4891-4E3D-BA9F-53E9EBC3615C}.Release|x64.Build.0 = Release|Any CPU
		{79951F95-4891-4E3D-BA9F-53E9EBC3615C}.Release|x86.ActiveCfg = Release|Any CPU
		{79951F95-4891-4E3D-BA9F-53E9EBC3615C}.Release|x86.Build.0 = Release|Any CPU
		{87084DDC-E9F4-429A-8FF3-C28D6FF23134}.Debug|Any CPU.ActiveCfg = Debug|Any CPU
		{87084DDC-E9F4-429A-8FF3-C28D6FF23134}.Debug|Any CPU.Build.0 = Debug|Any CPU
		{87084DDC-E9F4-429A-8FF3-C28D6FF23134}.Debug|x64.ActiveCfg = Debug|Any CPU
		{87084DDC-E9F4-429A-8FF3-C28D6FF23134}.Debug|x64.Build.0 = Debug|Any CPU
		{87084DDC-E9F4-429A-8FF3-C28D6FF23134}.Debug|x86.ActiveCfg = Debug|Any CPU
		{87084DDC-E9F4-429A-8FF3-C28D6FF23134}.Debug|x86.Build.0 = Debug|Any CPU
		{87084DDC-E9F4-429A-8FF3-C28D6FF23134}.Release|Any CPU.ActiveCfg = Release|Any CPU
		{87084DDC-E9F4-429A-8FF3-C28D6FF23134}.Release|Any CPU.Build.0 = Release|Any CPU
		{87084DDC-E9F4-429A-8FF3-C28D6FF23134}.Release|x64.ActiveCfg = Release|Any CPU
		{87084DDC-E9F4-429A-8FF3-C28D6FF23134}.Release|x64.Build.0 = Release|Any CPU
		{87084DDC-E9F4-429A-8FF3-C28D6FF23134}.Release|x86.ActiveCfg = Release|Any CPU
		{87084DDC-E9F4-429A-8FF3-C28D6FF23134}.Release|x86.Build.0 = Release|Any CPU
		{D03656EA-F8FF-4EFA-AE5E-027773C357A4}.Debug|Any CPU.ActiveCfg = Debug|Any CPU
		{D03656EA-F8FF-4EFA-AE5E-027773C357A4}.Debug|Any CPU.Build.0 = Debug|Any CPU
		{D03656EA-F8FF-4EFA-AE5E-027773C357A4}.Debug|x64.ActiveCfg = Debug|Any CPU
		{D03656EA-F8FF-4EFA-AE5E-027773C357A4}.Debug|x64.Build.0 = Debug|Any CPU
		{D03656EA-F8FF-4EFA-AE5E-027773C357A4}.Debug|x86.ActiveCfg = Debug|Any CPU
		{D03656EA-F8FF-4EFA-AE5E-027773C357A4}.Debug|x86.Build.0 = Debug|Any CPU
		{D03656EA-F8FF-4EFA-AE5E-027773C357A4}.Release|Any CPU.ActiveCfg = Release|Any CPU
		{D03656EA-F8FF-4EFA-AE5E-027773C357A4}.Release|Any CPU.Build.0 = Release|Any CPU
		{D03656EA-F8FF-4EFA-AE5E-027773C357A4}.Release|x64.ActiveCfg = Release|Any CPU
		{D03656EA-F8FF-4EFA-AE5E-027773C357A4}.Release|x64.Build.0 = Release|Any CPU
		{D03656EA-F8FF-4EFA-AE5E-027773C357A4}.Release|x86.ActiveCfg = Release|Any CPU
		{D03656EA-F8FF-4EFA-AE5E-027773C357A4}.Release|x86.Build.0 = Release|Any CPU
		{6FD8B578-EB14-4938-8B85-417B4B9856AC}.Debug|Any CPU.ActiveCfg = Debug|Any CPU
		{6FD8B578-EB14-4938-8B85-417B4B9856AC}.Debug|Any CPU.Build.0 = Debug|Any CPU
		{6FD8B578-EB14-4938-8B85-417B4B9856AC}.Debug|x64.ActiveCfg = Debug|Any CPU
		{6FD8B578-EB14-4938-8B85-417B4B9856AC}.Debug|x64.Build.0 = Debug|Any CPU
		{6FD8B578-EB14-4938-8B85-417B4B9856AC}.Debug|x86.ActiveCfg = Debug|Any CPU
		{6FD8B578-EB14-4938-8B85-417B4B9856AC}.Debug|x86.Build.0 = Debug|Any CPU
		{6FD8B578-EB14-4938-8B85-417B4B9856AC}.Release|Any CPU.ActiveCfg = Release|Any CPU
		{6FD8B578-EB14-4938-8B85-417B4B9856AC}.Release|Any CPU.Build.0 = Release|Any CPU
		{6FD8B578-EB14-4938-8B85-417B4B9856AC}.Release|x64.ActiveCfg = Release|Any CPU
		{6FD8B578-EB14-4938-8B85-417B4B9856AC}.Release|x64.Build.0 = Release|Any CPU
		{6FD8B578-EB14-4938-8B85-417B4B9856AC}.Release|x86.ActiveCfg = Release|Any CPU
		{6FD8B578-EB14-4938-8B85-417B4B9856AC}.Release|x86.Build.0 = Release|Any CPU
		{7FEB3EA6-DBE5-4785-A234-C11558E95742}.Debug|Any CPU.ActiveCfg = Debug|Any CPU
		{7FEB3EA6-DBE5-4785-A234-C11558E95742}.Debug|Any CPU.Build.0 = Debug|Any CPU
		{7FEB3EA6-DBE5-4785-A234-C11558E95742}.Debug|x64.ActiveCfg = Debug|Any CPU
		{7FEB3EA6-DBE5-4785-A234-C11558E95742}.Debug|x64.Build.0 = Debug|Any CPU
		{7FEB3EA6-DBE5-4785-A234-C11558E95742}.Debug|x86.ActiveCfg = Debug|Any CPU
		{7FEB3EA6-DBE5-4785-A234-C11558E95742}.Debug|x86.Build.0 = Debug|Any CPU
		{7FEB3EA6-DBE5-4785-A234-C11558E95742}.Release|Any CPU.ActiveCfg = Release|Any CPU
		{7FEB3EA6-DBE5-4785-A234-C11558E95742}.Release|Any CPU.Build.0 = Release|Any CPU
		{7FEB3EA6-DBE5-4785-A234-C11558E95742}.Release|x64.ActiveCfg = Release|Any CPU
		{7FEB3EA6-DBE5-4785-A234-C11558E95742}.Release|x64.Build.0 = Release|Any CPU
		{7FEB3EA6-DBE5-4785-A234-C11558E95742}.Release|x86.ActiveCfg = Release|Any CPU
		{7FEB3EA6-DBE5-4785-A234-C11558E95742}.Release|x86.Build.0 = Release|Any CPU
		{5647977A-41EC-44B7-B2F0-9EAC3DD61B97}.Debug|Any CPU.ActiveCfg = Debug|Any CPU
		{5647977A-41EC-44B7-B2F0-9EAC3DD61B97}.Debug|Any CPU.Build.0 = Debug|Any CPU
		{5647977A-41EC-44B7-B2F0-9EAC3DD61B97}.Debug|x64.ActiveCfg = Debug|Any CPU
		{5647977A-41EC-44B7-B2F0-9EAC3DD61B97}.Debug|x64.Build.0 = Debug|Any CPU
		{5647977A-41EC-44B7-B2F0-9EAC3DD61B97}.Debug|x86.ActiveCfg = Debug|Any CPU
		{5647977A-41EC-44B7-B2F0-9EAC3DD61B97}.Debug|x86.Build.0 = Debug|Any CPU
		{5647977A-41EC-44B7-B2F0-9EAC3DD61B97}.Release|Any CPU.ActiveCfg = Release|Any CPU
		{5647977A-41EC-44B7-B2F0-9EAC3DD61B97}.Release|Any CPU.Build.0 = Release|Any CPU
		{5647977A-41EC-44B7-B2F0-9EAC3DD61B97}.Release|x64.ActiveCfg = Release|Any CPU
		{5647977A-41EC-44B7-B2F0-9EAC3DD61B97}.Release|x64.Build.0 = Release|Any CPU
		{5647977A-41EC-44B7-B2F0-9EAC3DD61B97}.Release|x86.ActiveCfg = Release|Any CPU
		{5647977A-41EC-44B7-B2F0-9EAC3DD61B97}.Release|x86.Build.0 = Release|Any CPU
		{5FC982D6-54C3-49F5-BDB8-B04ABABA26BA}.Debug|Any CPU.ActiveCfg = Debug|Any CPU
		{5FC982D6-54C3-49F5-BDB8-B04ABABA26BA}.Debug|Any CPU.Build.0 = Debug|Any CPU
		{5FC982D6-54C3-49F5-BDB8-B04ABABA26BA}.Debug|x64.ActiveCfg = Debug|Any CPU
		{5FC982D6-54C3-49F5-BDB8-B04ABABA26BA}.Debug|x64.Build.0 = Debug|Any CPU
		{5FC982D6-54C3-49F5-BDB8-B04ABABA26BA}.Debug|x86.ActiveCfg = Debug|Any CPU
		{5FC982D6-54C3-49F5-BDB8-B04ABABA26BA}.Debug|x86.Build.0 = Debug|Any CPU
		{5FC982D6-54C3-49F5-BDB8-B04ABABA26BA}.Release|Any CPU.ActiveCfg = Release|Any CPU
		{5FC982D6-54C3-49F5-BDB8-B04ABABA26BA}.Release|Any CPU.Build.0 = Release|Any CPU
		{5FC982D6-54C3-49F5-BDB8-B04ABABA26BA}.Release|x64.ActiveCfg = Release|Any CPU
		{5FC982D6-54C3-49F5-BDB8-B04ABABA26BA}.Release|x64.Build.0 = Release|Any CPU
		{5FC982D6-54C3-49F5-BDB8-B04ABABA26BA}.Release|x86.ActiveCfg = Release|Any CPU
		{5FC982D6-54C3-49F5-BDB8-B04ABABA26BA}.Release|x86.Build.0 = Release|Any CPU
		{826E681C-B1B6-43F6-BB66-B618877C8175}.Debug|Any CPU.ActiveCfg = Debug|Any CPU
		{826E681C-B1B6-43F6-BB66-B618877C8175}.Debug|Any CPU.Build.0 = Debug|Any CPU
		{826E681C-B1B6-43F6-BB66-B618877C8175}.Debug|x64.ActiveCfg = Debug|Any CPU
		{826E681C-B1B6-43F6-BB66-B618877C8175}.Debug|x64.Build.0 = Debug|Any CPU
		{826E681C-B1B6-43F6-BB66-B618877C8175}.Debug|x86.ActiveCfg = Debug|Any CPU
		{826E681C-B1B6-43F6-BB66-B618877C8175}.Debug|x86.Build.0 = Debug|Any CPU
		{826E681C-B1B6-43F6-BB66-B618877C8175}.Release|Any CPU.ActiveCfg = Release|Any CPU
		{826E681C-B1B6-43F6-BB66-B618877C8175}.Release|Any CPU.Build.0 = Release|Any CPU
		{826E681C-B1B6-43F6-BB66-B618877C8175}.Release|x64.ActiveCfg = Release|Any CPU
		{826E681C-B1B6-43F6-BB66-B618877C8175}.Release|x64.Build.0 = Release|Any CPU
		{826E681C-B1B6-43F6-BB66-B618877C8175}.Release|x86.ActiveCfg = Release|Any CPU
		{826E681C-B1B6-43F6-BB66-B618877C8175}.Release|x86.Build.0 = Release|Any CPU
	EndGlobalSection
	GlobalSection(SolutionProperties) = preSolution
		HideSolutionNode = FALSE
	EndGlobalSection
	GlobalSection(NestedProjects) = preSolution
		{6ADEE326-F1A6-486F-89D1-ACA0E2A24720} = {9F97BFD9-DB95-483F-BF26-6ADA42D2D334}
		{3F8C89D9-47DE-413F-A383-39B7A23FFC22} = {9F97BFD9-DB95-483F-BF26-6ADA42D2D334}
		{00A6A3EF-B483-4A04-83B3-4208E28EAAED} = {6ADEE326-F1A6-486F-89D1-ACA0E2A24720}
		{B5882853-4EEA-4780-9AD5-8465603A710E} = {E69DA380-CE9F-4427-A220-31D347DB5444}
		{95250A69-B8F2-4181-9708-03048C08BB32} = {FE37F2CE-75CB-4EFE-96D4-28B60B3C525A}
		{37658F8D-E462-4A64-A3DA-754D42B49BC3} = {FB1833DA-C3E8-46E8-8866-3AD0CF8EF3F9}
		{92C7D0BD-AE6E-4BB0-9B69-FD99D6A3CC81} = {FB1833DA-C3E8-46E8-8866-3AD0CF8EF3F9}
		{B655822B-EC85-45C4-81AE-54A3759B98DC} = {2D77AE46-3D56-4F3A-A787-E740767B0714}
		{CC0D9D4A-1DF1-4CBC-940E-ECFD16030932} = {2D77AE46-3D56-4F3A-A787-E740767B0714}
		{40396080-83F3-46AE-A19B-AA6EA0FB9CF6} = {FB1833DA-C3E8-46E8-8866-3AD0CF8EF3F9}
		{C5983323-589D-4FE0-AA7F-CABD997ED21C} = {FB1833DA-C3E8-46E8-8866-3AD0CF8EF3F9}
		{C41EFBE7-25D0-4608-A37A-456E705A97E3} = {B5882853-4EEA-4780-9AD5-8465603A710E}
		{6E826C36-C487-4C4F-8000-530F7193A027} = {B5882853-4EEA-4780-9AD5-8465603A710E}
		{38FC156B-EDF5-4D94-8A50-FB67F5C008E7} = {95250A69-B8F2-4181-9708-03048C08BB32}
		{76BFD182-39A3-458F-9EA5-50724446032E} = {FB1833DA-C3E8-46E8-8866-3AD0CF8EF3F9}
		{8F345BFB-28E6-412F-86BB-2B3E43752138} = {37658F8D-E462-4A64-A3DA-754D42B49BC3}
		{79951F95-4891-4E3D-BA9F-53E9EBC3615C} = {37658F8D-E462-4A64-A3DA-754D42B49BC3}
		{87084DDC-E9F4-429A-8FF3-C28D6FF23134} = {37658F8D-E462-4A64-A3DA-754D42B49BC3}
		{0A9E0F50-3B9D-43B0-A3B7-9184B6535D31} = {92C7D0BD-AE6E-4BB0-9B69-FD99D6A3CC81}
		{D03656EA-F8FF-4EFA-AE5E-027773C357A4} = {92C7D0BD-AE6E-4BB0-9B69-FD99D6A3CC81}
		{6FD8B578-EB14-4938-8B85-417B4B9856AC} = {92C7D0BD-AE6E-4BB0-9B69-FD99D6A3CC81}
		{7FEB3EA6-DBE5-4785-A234-C11558E95742} = {6D8CE7D5-73C6-4DE8-B9AF-539007080B74}
		{5647977A-41EC-44B7-B2F0-9EAC3DD61B97} = {6D8CE7D5-73C6-4DE8-B9AF-539007080B74}
		{5FC982D6-54C3-49F5-BDB8-B04ABABA26BA} = {6D8CE7D5-73C6-4DE8-B9AF-539007080B74}
		{826E681C-B1B6-43F6-BB66-B618877C8175} = {6D8CE7D5-73C6-4DE8-B9AF-539007080B74}
		{393CF8C2-05CA-4D3C-8F46-25929692A363} = {9F97BFD9-DB95-483F-BF26-6ADA42D2D334}
	EndGlobalSection
	GlobalSection(ExtensibilityGlobals) = postSolution
		SolutionGuid = {485BFA9F-A9CF-4371-93AA-13184522861A}
	EndGlobalSection
	GlobalSection(SharedMSBuildProjectFiles) = preSolution
		src\Providers\File\File.Shared\File.Shared.projitems*{0a9e0f50-3b9d-43b0-a3b7-9184b6535d31}*SharedItemsImports = 13
		src\Containers\Autofac\Autofac.Shared\Autofac.Shared.projitems*{6e826c36-c487-4c4f-8000-530f7193a027}*SharedItemsImports = 5
		src\Providers\Console\Console.Shared\Console.Shared.projitems*{79951f95-4891-4e3d-ba9f-53e9ebc3615c}*SharedItemsImports = 5
		src\Providers\Console\Console.Shared\Console.Shared.projitems*{8f345bfb-28e6-412f-86bb-2b3e43752138}*SharedItemsImports = 13
		src\Tests\Test.Unit.Shared\Test.Unit.Shared.projitems*{b655822b-ec85-45c4-81ae-54a3759b98dc}*SharedItemsImports = 5
		src\Containers\Autofac\Autofac.Shared\Autofac.Shared.projitems*{c41efbe7-25d0-4608-a37a-456e705a97e3}*SharedItemsImports = 13
		src\Tests\Test.Unit.Shared\Test.Unit.Shared.projitems*{cc0d9d4a-1df1-4cbc-940e-ecfd16030932}*SharedItemsImports = 13
		src\Providers\File\File.Shared\File.Shared.projitems*{d03656ea-f8ff-4efa-ae5e-027773c357a4}*SharedItemsImports = 5
	EndGlobalSection
	GlobalSection(Performance) = preSolution
		HasPerformanceSessions = true
	EndGlobalSection
	GlobalSection(Performance) = preSolution
		HasPerformanceSessions = true
	EndGlobalSection
	GlobalSection(Performance) = preSolution
		HasPerformanceSessions = true
	EndGlobalSection
	GlobalSection(Performance) = preSolution
		HasPerformanceSessions = true
	EndGlobalSection
EndGlobal
