
Microsoft Visual Studio Solution File, Format Version 12.00
# Visual Studio 14
VisualStudioVersion = 14.0.25420.1
MinimumVisualStudioVersion = 10.0.40219.1
Project("{2150E333-8FDC-42A3-9474-1A3956D46DE8}") = "Solution Items", "Solution Items", "{9F97BFD9-DB95-483F-BF26-6ADA42D2D334}"
	ProjectSection(SolutionItems) = preProject
		.gitattributes = .gitattributes
		.gitignore = .gitignore
		README.md = README.md
		WE-Markdown.css = WE-Markdown.css
	EndProjectSection
EndProject
Project("{2150E333-8FDC-42A3-9474-1A3956D46DE8}") = ".nuget", ".nuget", "{A7963D10-5351-4044-BCBB-589B720CEF64}"
	ProjectSection(SolutionItems) = preProject
		.nuget\NuGet.Config = .nuget\NuGet.Config
		.nuget\NuGet.exe = .nuget\NuGet.exe
		.nuget\NuGet.targets = .nuget\NuGet.targets
	EndProjectSection
EndProject
Project("{2150E333-8FDC-42A3-9474-1A3956D46DE8}") = "Articles", "Articles", "{2015F370-2D4E-4EBC-B9E7-7FC3CA0A2037}"
	ProjectSection(SolutionItems) = preProject
		Articles\BackupSqlExpress.md = Articles\BackupSqlExpress.md
		Articles\Example-00-Prerequisites.md = Articles\Example-00-Prerequisites.md
		Articles\Example-01-Single-Entity.md = Articles\Example-01-Single-Entity.md
		Articles\FantasyFootballKibana.md = Articles\FantasyFootballKibana.md
		Articles\IncrementalDenormalize.md = Articles\IncrementalDenormalize.md
		Articles\SolrWindsApache.md = Articles\SolrWindsApache.md
		Articles\TransformalizeNorthWind.md = Articles\TransformalizeNorthWind.md
	EndProjectSection
EndProject
Project("{FAE04EC0-301F-11D3-BF4B-00C04F79EFBC}") = "Pipeline.Portable", "Pipeline.Portable\Pipeline.Portable.csproj", "{47CD1A05-48D4-4E89-BC75-7A3C0C6BF78F}"
EndProject
Project("{FAE04EC0-301F-11D3-BF4B-00C04F79EFBC}") = "Pipeline.Docs.DocFx", "Pipeline.Docs.DocFx\Pipeline.Docs.DocFx.csproj", "{8A08EA3D-0CBF-49E7-9E89-29659ADC574D}"
EndProject
Project("{FAE04EC0-301F-11D3-BF4B-00C04F79EFBC}") = "Pipeline.Logging.NLog", "Pipeline.Logging.NLog\Pipeline.Logging.NLog.csproj", "{5F5DC0B4-2AB2-4933-A2C6-D0EB89FDFF53}"
EndProject
Project("{FAE04EC0-301F-11D3-BF4B-00C04F79EFBC}") = "Pipeline.Scheduler.Quartz", "Pipeline.Scheduler.Quartz\Pipeline.Scheduler.Quartz.csproj", "{24F88AAF-2DC3-4AA1-B385-C6C7748CBE77}"
EndProject
Project("{FAE04EC0-301F-11D3-BF4B-00C04F79EFBC}") = "Pipeline.Desktop", "Pipeline.Desktop\Pipeline.Desktop.csproj", "{EE20183D-3771-4D5E-890E-CF51EB696F89}"
EndProject
Project("{2150E333-8FDC-42A3-9474-1A3956D46DE8}") = "Providers", "Providers", "{FB1833DA-C3E8-46E8-8866-3AD0CF8EF3F9}"
EndProject
Project("{FAE04EC0-301F-11D3-BF4B-00C04F79EFBC}") = "Pipeline.Provider.Ado", "Pipeline.Provider.Ado\Pipeline.Provider.Ado.csproj", "{03AB8B72-1A0C-4238-B369-C37147C42A48}"
EndProject
Project("{FAE04EC0-301F-11D3-BF4B-00C04F79EFBC}") = "Pipeline.Provider.MySql", "Pipeline.Provider.MySql\Pipeline.Provider.MySql.csproj", "{B0015B18-F29C-469A-A2AF-18C21AC8E4D9}"
EndProject
Project("{FAE04EC0-301F-11D3-BF4B-00C04F79EFBC}") = "Pipeline.Provider.PostgreSql", "Pipeline.Provider.PostgreSql\Pipeline.Provider.PostgreSql.csproj", "{D0E681F8-9694-4D89-B2D9-2D94862467A8}"
EndProject
Project("{FAE04EC0-301F-11D3-BF4B-00C04F79EFBC}") = "Pipeline.Provider.SQLite", "Pipeline.Provider.SQLite\Pipeline.Provider.SQLite.csproj", "{FF1350DD-5297-4100-BB8F-6A3047ED8AD5}"
EndProject
Project("{FAE04EC0-301F-11D3-BF4B-00C04F79EFBC}") = "Pipeline.Provider.File", "Pipeline.Provider.File\Pipeline.Provider.File.csproj", "{93B94D0E-4287-46D3-82EF-F81C636574DD}"
EndProject
Project("{FAE04EC0-301F-11D3-BF4B-00C04F79EFBC}") = "Pipeline.Provider.Excel", "Pipeline.Provider.Excel\Pipeline.Provider.Excel.csproj", "{C0CE8961-4137-4CA6-AD0E-0D69A55A3B16}"
EndProject
Project("{FAE04EC0-301F-11D3-BF4B-00C04F79EFBC}") = "Pipeline.Provider.Lucene", "Pipeline.Provider.Lucene\Pipeline.Provider.Lucene.csproj", "{E84D0CB1-8DE6-413B-B2F1-2A8E6F7A994C}"
EndProject
Project("{FAE04EC0-301F-11D3-BF4B-00C04F79EFBC}") = "Pipeline.Provider.Solr", "Pipeline.Provider.Solr\Pipeline.Provider.Solr.csproj", "{0B7C9925-B90C-4E40-974A-EF1862D8728C}"
EndProject
Project("{FAE04EC0-301F-11D3-BF4B-00C04F79EFBC}") = "Pipeline.Provider.Elastic", "Pipeline.Provider.Elastic\Pipeline.Provider.Elastic.csproj", "{2B364BAE-3D5B-467D-AA19-20EC929D14EA}"
EndProject
Project("{FAE04EC0-301F-11D3-BF4B-00C04F79EFBC}") = "Pipeline.Scripting.Jint", "Pipeline.Scripting.Jint\Pipeline.Scripting.Jint.csproj", "{384C4B16-AE30-4B0A-970E-D1A7470E5235}"
EndProject
Project("{FAE04EC0-301F-11D3-BF4B-00C04F79EFBC}") = "Pipeline.Template.Razor", "Pipeline.Template.Razor\Pipeline.Template.Razor.csproj", "{71372F65-12F1-4A72-AB2D-2C5EADBF75E0}"
EndProject
Project("{FAE04EC0-301F-11D3-BF4B-00C04F79EFBC}") = "Pipeline.Ioc.Autofac", "Pipeline.Ioc.Autofac\Pipeline.Ioc.Autofac.csproj", "{58FF362E-4A8D-459E-A174-5AAAE7EA8953}"
EndProject
Project("{FAE04EC0-301F-11D3-BF4B-00C04F79EFBC}") = "Pipeline.Provider.SqlServer", "Pipeline.Provider.SqlServer\Pipeline.Provider.SqlServer.csproj", "{16042794-2E30-42D8-A6F9-F5D8020F9EF3}"
EndProject
Project("{FAE04EC0-301F-11D3-BF4B-00C04F79EFBC}") = "Pipeline.Command", "Pipeline.Command\Pipeline.Command.csproj", "{C0AD9D94-4126-4452-BD01-1118FB827F39}"
EndProject
Project("{FAE04EC0-301F-11D3-BF4B-00C04F79EFBC}") = "Pipeline.Test", "Pipeline.Test\Pipeline.Test.csproj", "{BCA826D4-686E-4030-863A-27DB352C551C}"
EndProject
Project("{2150E333-8FDC-42A3-9474-1A3956D46DE8}") = "Files", "Files", "{6ADEE326-F1A6-486F-89D1-ACA0E2A24720}"
	ProjectSection(SolutionItems) = preProject
		Files\business.sql = Files\business.sql
		Files\business.sqlite3 = Files\business.sqlite3
		Files\edit-hello-world-in-orchard-cms.png = Files\edit-hello-world-in-orchard-cms.png
		Files\er-to-star.png = Files\er-to-star.png
		Files\notepadpp.png = Files\notepadpp.png
		Files\npp-orderline-csv.jpg = Files\npp-orderline-csv.jpg
		Files\vscode-orderline-json.jpg = Files\vscode-orderline-json.jpg
	EndProjectSection
EndProject
Project("{D954291E-2A0B-460D-934E-DC6B0785DB48}") = "Pipeline.Shared", "Pipeline.Shared\Pipeline.Shared.shproj", "{13144F6B-B1FE-4029-9D2C-3C06E662D627}"
EndProject
Project("{FAE04EC0-301F-11D3-BF4B-00C04F79EFBC}") = "Pipeline.Provider.Web", "Pipeline.Provider.Web\Pipeline.Provider.Web.csproj", "{4D9D0159-F680-4E1B-B4E6-9ED1BDB03F40}"
EndProject
Project("{FAE04EC0-301F-11D3-BF4B-00C04F79EFBC}") = "Pipeline.Scripting.JavaScript", "Pipeline.Scripting.JavaScript\Pipeline.Scripting.JavaScript.csproj", "{F0CDCECB-91D0-45AF-8500-235F58976473}"
EndProject
Project("{FAE04EC0-301F-11D3-BF4B-00C04F79EFBC}") = "Pipeline.Scripting.CSharp", "Pipeline.Scripting.CSharp\Pipeline.Scripting.CSharp.csproj", "{2BBEF5B4-F778-461C-9ECF-30500AD8578F}"
EndProject
Global
	GlobalSection(SharedMSBuildProjectFiles) = preSolution
		Pipeline.Shared\Pipeline.Shared.projitems*{13144f6b-b1fe-4029-9d2c-3c06e662d627}*SharedItemsImports = 13
		Pipeline.Shared\Pipeline.Shared.projitems*{47cd1a05-48d4-4e89-bc75-7a3c0c6bf78f}*SharedItemsImports = 4
	EndGlobalSection
	GlobalSection(SolutionConfigurationPlatforms) = preSolution
		Debug|Any CPU = Debug|Any CPU
		Debug|x64 = Debug|x64
		Debug|x86 = Debug|x86
		Release|Any CPU = Release|Any CPU
		Release|x64 = Release|x64
		Release|x86 = Release|x86
		Description = A Configurable ETL Solution Specializing in Incremental Denormalization
	EndGlobalSection
	GlobalSection(ProjectConfigurationPlatforms) = postSolution
		{47CD1A05-48D4-4E89-BC75-7A3C0C6BF78F}.Debug|Any CPU.ActiveCfg = Debug|Any CPU
		{47CD1A05-48D4-4E89-BC75-7A3C0C6BF78F}.Debug|Any CPU.Build.0 = Debug|Any CPU
		{47CD1A05-48D4-4E89-BC75-7A3C0C6BF78F}.Debug|x64.ActiveCfg = Debug|Any CPU
		{47CD1A05-48D4-4E89-BC75-7A3C0C6BF78F}.Debug|x64.Build.0 = Debug|Any CPU
		{47CD1A05-48D4-4E89-BC75-7A3C0C6BF78F}.Debug|x86.ActiveCfg = Debug|Any CPU
		{47CD1A05-48D4-4E89-BC75-7A3C0C6BF78F}.Debug|x86.Build.0 = Debug|Any CPU
		{47CD1A05-48D4-4E89-BC75-7A3C0C6BF78F}.Release|Any CPU.ActiveCfg = Release|Any CPU
		{47CD1A05-48D4-4E89-BC75-7A3C0C6BF78F}.Release|Any CPU.Build.0 = Release|Any CPU
		{47CD1A05-48D4-4E89-BC75-7A3C0C6BF78F}.Release|x64.ActiveCfg = Release|Any CPU
		{47CD1A05-48D4-4E89-BC75-7A3C0C6BF78F}.Release|x64.Build.0 = Release|Any CPU
		{47CD1A05-48D4-4E89-BC75-7A3C0C6BF78F}.Release|x86.ActiveCfg = Release|Any CPU
		{47CD1A05-48D4-4E89-BC75-7A3C0C6BF78F}.Release|x86.Build.0 = Release|Any CPU
		{8A08EA3D-0CBF-49E7-9E89-29659ADC574D}.Debug|Any CPU.ActiveCfg = Debug|Any CPU
		{8A08EA3D-0CBF-49E7-9E89-29659ADC574D}.Debug|Any CPU.Build.0 = Debug|Any CPU
		{8A08EA3D-0CBF-49E7-9E89-29659ADC574D}.Debug|x64.ActiveCfg = Debug|Any CPU
		{8A08EA3D-0CBF-49E7-9E89-29659ADC574D}.Debug|x64.Build.0 = Debug|Any CPU
		{8A08EA3D-0CBF-49E7-9E89-29659ADC574D}.Debug|x86.ActiveCfg = Debug|Any CPU
		{8A08EA3D-0CBF-49E7-9E89-29659ADC574D}.Debug|x86.Build.0 = Debug|Any CPU
		{8A08EA3D-0CBF-49E7-9E89-29659ADC574D}.Release|Any CPU.ActiveCfg = Release|Any CPU
		{8A08EA3D-0CBF-49E7-9E89-29659ADC574D}.Release|Any CPU.Build.0 = Release|Any CPU
		{8A08EA3D-0CBF-49E7-9E89-29659ADC574D}.Release|x64.ActiveCfg = Release|Any CPU
		{8A08EA3D-0CBF-49E7-9E89-29659ADC574D}.Release|x64.Build.0 = Release|Any CPU
		{8A08EA3D-0CBF-49E7-9E89-29659ADC574D}.Release|x86.ActiveCfg = Release|Any CPU
		{8A08EA3D-0CBF-49E7-9E89-29659ADC574D}.Release|x86.Build.0 = Release|Any CPU
		{5F5DC0B4-2AB2-4933-A2C6-D0EB89FDFF53}.Debug|Any CPU.ActiveCfg = Debug|Any CPU
		{5F5DC0B4-2AB2-4933-A2C6-D0EB89FDFF53}.Debug|Any CPU.Build.0 = Debug|Any CPU
		{5F5DC0B4-2AB2-4933-A2C6-D0EB89FDFF53}.Debug|x64.ActiveCfg = Debug|Any CPU
		{5F5DC0B4-2AB2-4933-A2C6-D0EB89FDFF53}.Debug|x64.Build.0 = Debug|Any CPU
		{5F5DC0B4-2AB2-4933-A2C6-D0EB89FDFF53}.Debug|x86.ActiveCfg = Debug|Any CPU
		{5F5DC0B4-2AB2-4933-A2C6-D0EB89FDFF53}.Debug|x86.Build.0 = Debug|Any CPU
		{5F5DC0B4-2AB2-4933-A2C6-D0EB89FDFF53}.Release|Any CPU.ActiveCfg = Release|Any CPU
		{5F5DC0B4-2AB2-4933-A2C6-D0EB89FDFF53}.Release|Any CPU.Build.0 = Release|Any CPU
		{5F5DC0B4-2AB2-4933-A2C6-D0EB89FDFF53}.Release|x64.ActiveCfg = Release|Any CPU
		{5F5DC0B4-2AB2-4933-A2C6-D0EB89FDFF53}.Release|x64.Build.0 = Release|Any CPU
		{5F5DC0B4-2AB2-4933-A2C6-D0EB89FDFF53}.Release|x86.ActiveCfg = Release|Any CPU
		{5F5DC0B4-2AB2-4933-A2C6-D0EB89FDFF53}.Release|x86.Build.0 = Release|Any CPU
		{24F88AAF-2DC3-4AA1-B385-C6C7748CBE77}.Debug|Any CPU.ActiveCfg = Debug|Any CPU
		{24F88AAF-2DC3-4AA1-B385-C6C7748CBE77}.Debug|Any CPU.Build.0 = Debug|Any CPU
		{24F88AAF-2DC3-4AA1-B385-C6C7748CBE77}.Debug|x64.ActiveCfg = Debug|Any CPU
		{24F88AAF-2DC3-4AA1-B385-C6C7748CBE77}.Debug|x64.Build.0 = Debug|Any CPU
		{24F88AAF-2DC3-4AA1-B385-C6C7748CBE77}.Debug|x86.ActiveCfg = Debug|Any CPU
		{24F88AAF-2DC3-4AA1-B385-C6C7748CBE77}.Debug|x86.Build.0 = Debug|Any CPU
		{24F88AAF-2DC3-4AA1-B385-C6C7748CBE77}.Release|Any CPU.ActiveCfg = Release|Any CPU
		{24F88AAF-2DC3-4AA1-B385-C6C7748CBE77}.Release|Any CPU.Build.0 = Release|Any CPU
		{24F88AAF-2DC3-4AA1-B385-C6C7748CBE77}.Release|x64.ActiveCfg = Release|Any CPU
		{24F88AAF-2DC3-4AA1-B385-C6C7748CBE77}.Release|x64.Build.0 = Release|Any CPU
		{24F88AAF-2DC3-4AA1-B385-C6C7748CBE77}.Release|x86.ActiveCfg = Release|Any CPU
		{24F88AAF-2DC3-4AA1-B385-C6C7748CBE77}.Release|x86.Build.0 = Release|Any CPU
		{EE20183D-3771-4D5E-890E-CF51EB696F89}.Debug|Any CPU.ActiveCfg = Debug|Any CPU
		{EE20183D-3771-4D5E-890E-CF51EB696F89}.Debug|Any CPU.Build.0 = Debug|Any CPU
		{EE20183D-3771-4D5E-890E-CF51EB696F89}.Debug|x64.ActiveCfg = Debug|Any CPU
		{EE20183D-3771-4D5E-890E-CF51EB696F89}.Debug|x64.Build.0 = Debug|Any CPU
		{EE20183D-3771-4D5E-890E-CF51EB696F89}.Debug|x86.ActiveCfg = Debug|Any CPU
		{EE20183D-3771-4D5E-890E-CF51EB696F89}.Debug|x86.Build.0 = Debug|Any CPU
		{EE20183D-3771-4D5E-890E-CF51EB696F89}.Release|Any CPU.ActiveCfg = Release|Any CPU
		{EE20183D-3771-4D5E-890E-CF51EB696F89}.Release|Any CPU.Build.0 = Release|Any CPU
		{EE20183D-3771-4D5E-890E-CF51EB696F89}.Release|x64.ActiveCfg = Release|Any CPU
		{EE20183D-3771-4D5E-890E-CF51EB696F89}.Release|x64.Build.0 = Release|Any CPU
		{EE20183D-3771-4D5E-890E-CF51EB696F89}.Release|x86.ActiveCfg = Release|Any CPU
		{EE20183D-3771-4D5E-890E-CF51EB696F89}.Release|x86.Build.0 = Release|Any CPU
		{03AB8B72-1A0C-4238-B369-C37147C42A48}.Debug|Any CPU.ActiveCfg = Debug|Any CPU
		{03AB8B72-1A0C-4238-B369-C37147C42A48}.Debug|Any CPU.Build.0 = Debug|Any CPU
		{03AB8B72-1A0C-4238-B369-C37147C42A48}.Debug|x64.ActiveCfg = Debug|Any CPU
		{03AB8B72-1A0C-4238-B369-C37147C42A48}.Debug|x64.Build.0 = Debug|Any CPU
		{03AB8B72-1A0C-4238-B369-C37147C42A48}.Debug|x86.ActiveCfg = Debug|Any CPU
		{03AB8B72-1A0C-4238-B369-C37147C42A48}.Debug|x86.Build.0 = Debug|Any CPU
		{03AB8B72-1A0C-4238-B369-C37147C42A48}.Release|Any CPU.ActiveCfg = Release|Any CPU
		{03AB8B72-1A0C-4238-B369-C37147C42A48}.Release|Any CPU.Build.0 = Release|Any CPU
		{03AB8B72-1A0C-4238-B369-C37147C42A48}.Release|x64.ActiveCfg = Release|Any CPU
		{03AB8B72-1A0C-4238-B369-C37147C42A48}.Release|x64.Build.0 = Release|Any CPU
		{03AB8B72-1A0C-4238-B369-C37147C42A48}.Release|x86.ActiveCfg = Release|Any CPU
		{03AB8B72-1A0C-4238-B369-C37147C42A48}.Release|x86.Build.0 = Release|Any CPU
		{B0015B18-F29C-469A-A2AF-18C21AC8E4D9}.Debug|Any CPU.ActiveCfg = Debug|Any CPU
		{B0015B18-F29C-469A-A2AF-18C21AC8E4D9}.Debug|Any CPU.Build.0 = Debug|Any CPU
		{B0015B18-F29C-469A-A2AF-18C21AC8E4D9}.Debug|x64.ActiveCfg = Debug|Any CPU
		{B0015B18-F29C-469A-A2AF-18C21AC8E4D9}.Debug|x64.Build.0 = Debug|Any CPU
		{B0015B18-F29C-469A-A2AF-18C21AC8E4D9}.Debug|x86.ActiveCfg = Debug|Any CPU
		{B0015B18-F29C-469A-A2AF-18C21AC8E4D9}.Debug|x86.Build.0 = Debug|Any CPU
		{B0015B18-F29C-469A-A2AF-18C21AC8E4D9}.Release|Any CPU.ActiveCfg = Release|Any CPU
		{B0015B18-F29C-469A-A2AF-18C21AC8E4D9}.Release|Any CPU.Build.0 = Release|Any CPU
		{B0015B18-F29C-469A-A2AF-18C21AC8E4D9}.Release|x64.ActiveCfg = Release|Any CPU
		{B0015B18-F29C-469A-A2AF-18C21AC8E4D9}.Release|x64.Build.0 = Release|Any CPU
		{B0015B18-F29C-469A-A2AF-18C21AC8E4D9}.Release|x86.ActiveCfg = Release|Any CPU
		{B0015B18-F29C-469A-A2AF-18C21AC8E4D9}.Release|x86.Build.0 = Release|Any CPU
		{D0E681F8-9694-4D89-B2D9-2D94862467A8}.Debug|Any CPU.ActiveCfg = Debug|Any CPU
		{D0E681F8-9694-4D89-B2D9-2D94862467A8}.Debug|Any CPU.Build.0 = Debug|Any CPU
		{D0E681F8-9694-4D89-B2D9-2D94862467A8}.Debug|x64.ActiveCfg = Debug|Any CPU
		{D0E681F8-9694-4D89-B2D9-2D94862467A8}.Debug|x64.Build.0 = Debug|Any CPU
		{D0E681F8-9694-4D89-B2D9-2D94862467A8}.Debug|x86.ActiveCfg = Debug|Any CPU
		{D0E681F8-9694-4D89-B2D9-2D94862467A8}.Debug|x86.Build.0 = Debug|Any CPU
		{D0E681F8-9694-4D89-B2D9-2D94862467A8}.Release|Any CPU.ActiveCfg = Release|Any CPU
		{D0E681F8-9694-4D89-B2D9-2D94862467A8}.Release|Any CPU.Build.0 = Release|Any CPU
		{D0E681F8-9694-4D89-B2D9-2D94862467A8}.Release|x64.ActiveCfg = Release|Any CPU
		{D0E681F8-9694-4D89-B2D9-2D94862467A8}.Release|x64.Build.0 = Release|Any CPU
		{D0E681F8-9694-4D89-B2D9-2D94862467A8}.Release|x86.ActiveCfg = Release|Any CPU
		{D0E681F8-9694-4D89-B2D9-2D94862467A8}.Release|x86.Build.0 = Release|Any CPU
		{FF1350DD-5297-4100-BB8F-6A3047ED8AD5}.Debug|Any CPU.ActiveCfg = Debug|Any CPU
		{FF1350DD-5297-4100-BB8F-6A3047ED8AD5}.Debug|Any CPU.Build.0 = Debug|Any CPU
		{FF1350DD-5297-4100-BB8F-6A3047ED8AD5}.Debug|x64.ActiveCfg = Debug|Any CPU
		{FF1350DD-5297-4100-BB8F-6A3047ED8AD5}.Debug|x64.Build.0 = Debug|Any CPU
		{FF1350DD-5297-4100-BB8F-6A3047ED8AD5}.Debug|x86.ActiveCfg = Debug|Any CPU
		{FF1350DD-5297-4100-BB8F-6A3047ED8AD5}.Debug|x86.Build.0 = Debug|Any CPU
		{FF1350DD-5297-4100-BB8F-6A3047ED8AD5}.Release|Any CPU.ActiveCfg = Release|Any CPU
		{FF1350DD-5297-4100-BB8F-6A3047ED8AD5}.Release|Any CPU.Build.0 = Release|Any CPU
		{FF1350DD-5297-4100-BB8F-6A3047ED8AD5}.Release|x64.ActiveCfg = Release|Any CPU
		{FF1350DD-5297-4100-BB8F-6A3047ED8AD5}.Release|x64.Build.0 = Release|Any CPU
		{FF1350DD-5297-4100-BB8F-6A3047ED8AD5}.Release|x86.ActiveCfg = Release|Any CPU
		{FF1350DD-5297-4100-BB8F-6A3047ED8AD5}.Release|x86.Build.0 = Release|Any CPU
		{93B94D0E-4287-46D3-82EF-F81C636574DD}.Debug|Any CPU.ActiveCfg = Debug|Any CPU
		{93B94D0E-4287-46D3-82EF-F81C636574DD}.Debug|Any CPU.Build.0 = Debug|Any CPU
		{93B94D0E-4287-46D3-82EF-F81C636574DD}.Debug|x64.ActiveCfg = Debug|Any CPU
		{93B94D0E-4287-46D3-82EF-F81C636574DD}.Debug|x64.Build.0 = Debug|Any CPU
		{93B94D0E-4287-46D3-82EF-F81C636574DD}.Debug|x86.ActiveCfg = Debug|Any CPU
		{93B94D0E-4287-46D3-82EF-F81C636574DD}.Debug|x86.Build.0 = Debug|Any CPU
		{93B94D0E-4287-46D3-82EF-F81C636574DD}.Release|Any CPU.ActiveCfg = Release|Any CPU
		{93B94D0E-4287-46D3-82EF-F81C636574DD}.Release|Any CPU.Build.0 = Release|Any CPU
		{93B94D0E-4287-46D3-82EF-F81C636574DD}.Release|x64.ActiveCfg = Release|Any CPU
		{93B94D0E-4287-46D3-82EF-F81C636574DD}.Release|x64.Build.0 = Release|Any CPU
		{93B94D0E-4287-46D3-82EF-F81C636574DD}.Release|x86.ActiveCfg = Release|Any CPU
		{93B94D0E-4287-46D3-82EF-F81C636574DD}.Release|x86.Build.0 = Release|Any CPU
		{C0CE8961-4137-4CA6-AD0E-0D69A55A3B16}.Debug|Any CPU.ActiveCfg = Debug|Any CPU
		{C0CE8961-4137-4CA6-AD0E-0D69A55A3B16}.Debug|Any CPU.Build.0 = Debug|Any CPU
		{C0CE8961-4137-4CA6-AD0E-0D69A55A3B16}.Debug|x64.ActiveCfg = Debug|Any CPU
		{C0CE8961-4137-4CA6-AD0E-0D69A55A3B16}.Debug|x64.Build.0 = Debug|Any CPU
		{C0CE8961-4137-4CA6-AD0E-0D69A55A3B16}.Debug|x86.ActiveCfg = Debug|Any CPU
		{C0CE8961-4137-4CA6-AD0E-0D69A55A3B16}.Debug|x86.Build.0 = Debug|Any CPU
		{C0CE8961-4137-4CA6-AD0E-0D69A55A3B16}.Release|Any CPU.ActiveCfg = Release|Any CPU
		{C0CE8961-4137-4CA6-AD0E-0D69A55A3B16}.Release|Any CPU.Build.0 = Release|Any CPU
		{C0CE8961-4137-4CA6-AD0E-0D69A55A3B16}.Release|x64.ActiveCfg = Release|Any CPU
		{C0CE8961-4137-4CA6-AD0E-0D69A55A3B16}.Release|x64.Build.0 = Release|Any CPU
		{C0CE8961-4137-4CA6-AD0E-0D69A55A3B16}.Release|x86.ActiveCfg = Release|Any CPU
		{C0CE8961-4137-4CA6-AD0E-0D69A55A3B16}.Release|x86.Build.0 = Release|Any CPU
		{E84D0CB1-8DE6-413B-B2F1-2A8E6F7A994C}.Debug|Any CPU.ActiveCfg = Debug|Any CPU
		{E84D0CB1-8DE6-413B-B2F1-2A8E6F7A994C}.Debug|Any CPU.Build.0 = Debug|Any CPU
		{E84D0CB1-8DE6-413B-B2F1-2A8E6F7A994C}.Debug|x64.ActiveCfg = Debug|Any CPU
		{E84D0CB1-8DE6-413B-B2F1-2A8E6F7A994C}.Debug|x64.Build.0 = Debug|Any CPU
		{E84D0CB1-8DE6-413B-B2F1-2A8E6F7A994C}.Debug|x86.ActiveCfg = Debug|Any CPU
		{E84D0CB1-8DE6-413B-B2F1-2A8E6F7A994C}.Debug|x86.Build.0 = Debug|Any CPU
		{E84D0CB1-8DE6-413B-B2F1-2A8E6F7A994C}.Release|Any CPU.ActiveCfg = Release|Any CPU
		{E84D0CB1-8DE6-413B-B2F1-2A8E6F7A994C}.Release|Any CPU.Build.0 = Release|Any CPU
		{E84D0CB1-8DE6-413B-B2F1-2A8E6F7A994C}.Release|x64.ActiveCfg = Release|Any CPU
		{E84D0CB1-8DE6-413B-B2F1-2A8E6F7A994C}.Release|x64.Build.0 = Release|Any CPU
		{E84D0CB1-8DE6-413B-B2F1-2A8E6F7A994C}.Release|x86.ActiveCfg = Release|Any CPU
		{E84D0CB1-8DE6-413B-B2F1-2A8E6F7A994C}.Release|x86.Build.0 = Release|Any CPU
		{0B7C9925-B90C-4E40-974A-EF1862D8728C}.Debug|Any CPU.ActiveCfg = Debug|Any CPU
		{0B7C9925-B90C-4E40-974A-EF1862D8728C}.Debug|Any CPU.Build.0 = Debug|Any CPU
		{0B7C9925-B90C-4E40-974A-EF1862D8728C}.Debug|x64.ActiveCfg = Debug|Any CPU
		{0B7C9925-B90C-4E40-974A-EF1862D8728C}.Debug|x64.Build.0 = Debug|Any CPU
		{0B7C9925-B90C-4E40-974A-EF1862D8728C}.Debug|x86.ActiveCfg = Debug|Any CPU
		{0B7C9925-B90C-4E40-974A-EF1862D8728C}.Debug|x86.Build.0 = Debug|Any CPU
		{0B7C9925-B90C-4E40-974A-EF1862D8728C}.Release|Any CPU.ActiveCfg = Release|Any CPU
		{0B7C9925-B90C-4E40-974A-EF1862D8728C}.Release|Any CPU.Build.0 = Release|Any CPU
		{0B7C9925-B90C-4E40-974A-EF1862D8728C}.Release|x64.ActiveCfg = Release|Any CPU
		{0B7C9925-B90C-4E40-974A-EF1862D8728C}.Release|x64.Build.0 = Release|Any CPU
		{0B7C9925-B90C-4E40-974A-EF1862D8728C}.Release|x86.ActiveCfg = Release|Any CPU
		{0B7C9925-B90C-4E40-974A-EF1862D8728C}.Release|x86.Build.0 = Release|Any CPU
		{2B364BAE-3D5B-467D-AA19-20EC929D14EA}.Debug|Any CPU.ActiveCfg = Debug|Any CPU
		{2B364BAE-3D5B-467D-AA19-20EC929D14EA}.Debug|Any CPU.Build.0 = Debug|Any CPU
		{2B364BAE-3D5B-467D-AA19-20EC929D14EA}.Debug|x64.ActiveCfg = Debug|Any CPU
		{2B364BAE-3D5B-467D-AA19-20EC929D14EA}.Debug|x64.Build.0 = Debug|Any CPU
		{2B364BAE-3D5B-467D-AA19-20EC929D14EA}.Debug|x86.ActiveCfg = Debug|Any CPU
		{2B364BAE-3D5B-467D-AA19-20EC929D14EA}.Debug|x86.Build.0 = Debug|Any CPU
		{2B364BAE-3D5B-467D-AA19-20EC929D14EA}.Release|Any CPU.ActiveCfg = Release|Any CPU
		{2B364BAE-3D5B-467D-AA19-20EC929D14EA}.Release|Any CPU.Build.0 = Release|Any CPU
		{2B364BAE-3D5B-467D-AA19-20EC929D14EA}.Release|x64.ActiveCfg = Release|Any CPU
		{2B364BAE-3D5B-467D-AA19-20EC929D14EA}.Release|x64.Build.0 = Release|Any CPU
		{2B364BAE-3D5B-467D-AA19-20EC929D14EA}.Release|x86.ActiveCfg = Release|Any CPU
		{2B364BAE-3D5B-467D-AA19-20EC929D14EA}.Release|x86.Build.0 = Release|Any CPU
		{384C4B16-AE30-4B0A-970E-D1A7470E5235}.Debug|Any CPU.ActiveCfg = Debug|Any CPU
		{384C4B16-AE30-4B0A-970E-D1A7470E5235}.Debug|Any CPU.Build.0 = Debug|Any CPU
		{384C4B16-AE30-4B0A-970E-D1A7470E5235}.Debug|x64.ActiveCfg = Debug|Any CPU
		{384C4B16-AE30-4B0A-970E-D1A7470E5235}.Debug|x64.Build.0 = Debug|Any CPU
		{384C4B16-AE30-4B0A-970E-D1A7470E5235}.Debug|x86.ActiveCfg = Debug|Any CPU
		{384C4B16-AE30-4B0A-970E-D1A7470E5235}.Debug|x86.Build.0 = Debug|Any CPU
		{384C4B16-AE30-4B0A-970E-D1A7470E5235}.Release|Any CPU.ActiveCfg = Release|Any CPU
		{384C4B16-AE30-4B0A-970E-D1A7470E5235}.Release|Any CPU.Build.0 = Release|Any CPU
		{384C4B16-AE30-4B0A-970E-D1A7470E5235}.Release|x64.ActiveCfg = Release|Any CPU
		{384C4B16-AE30-4B0A-970E-D1A7470E5235}.Release|x64.Build.0 = Release|Any CPU
		{384C4B16-AE30-4B0A-970E-D1A7470E5235}.Release|x86.ActiveCfg = Release|Any CPU
		{384C4B16-AE30-4B0A-970E-D1A7470E5235}.Release|x86.Build.0 = Release|Any CPU
		{71372F65-12F1-4A72-AB2D-2C5EADBF75E0}.Debug|Any CPU.ActiveCfg = Debug|Any CPU
		{71372F65-12F1-4A72-AB2D-2C5EADBF75E0}.Debug|Any CPU.Build.0 = Debug|Any CPU
		{71372F65-12F1-4A72-AB2D-2C5EADBF75E0}.Debug|x64.ActiveCfg = Debug|Any CPU
		{71372F65-12F1-4A72-AB2D-2C5EADBF75E0}.Debug|x64.Build.0 = Debug|Any CPU
		{71372F65-12F1-4A72-AB2D-2C5EADBF75E0}.Debug|x86.ActiveCfg = Debug|Any CPU
		{71372F65-12F1-4A72-AB2D-2C5EADBF75E0}.Debug|x86.Build.0 = Debug|Any CPU
		{71372F65-12F1-4A72-AB2D-2C5EADBF75E0}.Release|Any CPU.ActiveCfg = Release|Any CPU
		{71372F65-12F1-4A72-AB2D-2C5EADBF75E0}.Release|Any CPU.Build.0 = Release|Any CPU
		{71372F65-12F1-4A72-AB2D-2C5EADBF75E0}.Release|x64.ActiveCfg = Release|Any CPU
		{71372F65-12F1-4A72-AB2D-2C5EADBF75E0}.Release|x64.Build.0 = Release|Any CPU
		{71372F65-12F1-4A72-AB2D-2C5EADBF75E0}.Release|x86.ActiveCfg = Release|Any CPU
		{71372F65-12F1-4A72-AB2D-2C5EADBF75E0}.Release|x86.Build.0 = Release|Any CPU
		{58FF362E-4A8D-459E-A174-5AAAE7EA8953}.Debug|Any CPU.ActiveCfg = Debug|Any CPU
		{58FF362E-4A8D-459E-A174-5AAAE7EA8953}.Debug|Any CPU.Build.0 = Debug|Any CPU
		{58FF362E-4A8D-459E-A174-5AAAE7EA8953}.Debug|x64.ActiveCfg = Debug|Any CPU
		{58FF362E-4A8D-459E-A174-5AAAE7EA8953}.Debug|x64.Build.0 = Debug|Any CPU
		{58FF362E-4A8D-459E-A174-5AAAE7EA8953}.Debug|x86.ActiveCfg = Debug|Any CPU
		{58FF362E-4A8D-459E-A174-5AAAE7EA8953}.Debug|x86.Build.0 = Debug|Any CPU
		{58FF362E-4A8D-459E-A174-5AAAE7EA8953}.Release|Any CPU.ActiveCfg = Release|Any CPU
		{58FF362E-4A8D-459E-A174-5AAAE7EA8953}.Release|Any CPU.Build.0 = Release|Any CPU
		{58FF362E-4A8D-459E-A174-5AAAE7EA8953}.Release|x64.ActiveCfg = Release|Any CPU
		{58FF362E-4A8D-459E-A174-5AAAE7EA8953}.Release|x64.Build.0 = Release|Any CPU
		{58FF362E-4A8D-459E-A174-5AAAE7EA8953}.Release|x86.ActiveCfg = Release|Any CPU
		{58FF362E-4A8D-459E-A174-5AAAE7EA8953}.Release|x86.Build.0 = Release|Any CPU
		{16042794-2E30-42D8-A6F9-F5D8020F9EF3}.Debug|Any CPU.ActiveCfg = Debug|Any CPU
		{16042794-2E30-42D8-A6F9-F5D8020F9EF3}.Debug|Any CPU.Build.0 = Debug|Any CPU
		{16042794-2E30-42D8-A6F9-F5D8020F9EF3}.Debug|x64.ActiveCfg = Debug|Any CPU
		{16042794-2E30-42D8-A6F9-F5D8020F9EF3}.Debug|x64.Build.0 = Debug|Any CPU
		{16042794-2E30-42D8-A6F9-F5D8020F9EF3}.Debug|x86.ActiveCfg = Debug|Any CPU
		{16042794-2E30-42D8-A6F9-F5D8020F9EF3}.Debug|x86.Build.0 = Debug|Any CPU
		{16042794-2E30-42D8-A6F9-F5D8020F9EF3}.Release|Any CPU.ActiveCfg = Release|Any CPU
		{16042794-2E30-42D8-A6F9-F5D8020F9EF3}.Release|Any CPU.Build.0 = Release|Any CPU
		{16042794-2E30-42D8-A6F9-F5D8020F9EF3}.Release|x64.ActiveCfg = Release|Any CPU
		{16042794-2E30-42D8-A6F9-F5D8020F9EF3}.Release|x64.Build.0 = Release|Any CPU
		{16042794-2E30-42D8-A6F9-F5D8020F9EF3}.Release|x86.ActiveCfg = Release|Any CPU
		{16042794-2E30-42D8-A6F9-F5D8020F9EF3}.Release|x86.Build.0 = Release|Any CPU
		{C0AD9D94-4126-4452-BD01-1118FB827F39}.Debug|Any CPU.ActiveCfg = Debug|x64
		{C0AD9D94-4126-4452-BD01-1118FB827F39}.Debug|Any CPU.Build.0 = Debug|x64
		{C0AD9D94-4126-4452-BD01-1118FB827F39}.Debug|x64.ActiveCfg = Debug|x64
		{C0AD9D94-4126-4452-BD01-1118FB827F39}.Debug|x64.Build.0 = Debug|x64
		{C0AD9D94-4126-4452-BD01-1118FB827F39}.Debug|x86.ActiveCfg = Debug|x86
		{C0AD9D94-4126-4452-BD01-1118FB827F39}.Debug|x86.Build.0 = Debug|x86
		{C0AD9D94-4126-4452-BD01-1118FB827F39}.Release|Any CPU.ActiveCfg = Release|x64
		{C0AD9D94-4126-4452-BD01-1118FB827F39}.Release|Any CPU.Build.0 = Release|x64
		{C0AD9D94-4126-4452-BD01-1118FB827F39}.Release|x64.ActiveCfg = Release|x64
		{C0AD9D94-4126-4452-BD01-1118FB827F39}.Release|x64.Build.0 = Release|x64
		{C0AD9D94-4126-4452-BD01-1118FB827F39}.Release|x86.ActiveCfg = Release|x86
		{C0AD9D94-4126-4452-BD01-1118FB827F39}.Release|x86.Build.0 = Release|x86
		{BCA826D4-686E-4030-863A-27DB352C551C}.Debug|Any CPU.ActiveCfg = Debug|Any CPU
		{BCA826D4-686E-4030-863A-27DB352C551C}.Debug|Any CPU.Build.0 = Debug|Any CPU
		{BCA826D4-686E-4030-863A-27DB352C551C}.Debug|x64.ActiveCfg = Debug|Any CPU
		{BCA826D4-686E-4030-863A-27DB352C551C}.Debug|x64.Build.0 = Debug|Any CPU
		{BCA826D4-686E-4030-863A-27DB352C551C}.Debug|x86.ActiveCfg = Debug|Any CPU
		{BCA826D4-686E-4030-863A-27DB352C551C}.Debug|x86.Build.0 = Debug|Any CPU
		{BCA826D4-686E-4030-863A-27DB352C551C}.Release|Any CPU.ActiveCfg = Release|Any CPU
		{BCA826D4-686E-4030-863A-27DB352C551C}.Release|Any CPU.Build.0 = Release|Any CPU
		{BCA826D4-686E-4030-863A-27DB352C551C}.Release|x64.ActiveCfg = Release|Any CPU
		{BCA826D4-686E-4030-863A-27DB352C551C}.Release|x64.Build.0 = Release|Any CPU
		{BCA826D4-686E-4030-863A-27DB352C551C}.Release|x86.ActiveCfg = Release|Any CPU
		{BCA826D4-686E-4030-863A-27DB352C551C}.Release|x86.Build.0 = Release|Any CPU
		{4D9D0159-F680-4E1B-B4E6-9ED1BDB03F40}.Debug|Any CPU.ActiveCfg = Debug|Any CPU
		{4D9D0159-F680-4E1B-B4E6-9ED1BDB03F40}.Debug|Any CPU.Build.0 = Debug|Any CPU
		{4D9D0159-F680-4E1B-B4E6-9ED1BDB03F40}.Debug|x64.ActiveCfg = Debug|Any CPU
		{4D9D0159-F680-4E1B-B4E6-9ED1BDB03F40}.Debug|x64.Build.0 = Debug|Any CPU
		{4D9D0159-F680-4E1B-B4E6-9ED1BDB03F40}.Debug|x86.ActiveCfg = Debug|Any CPU
		{4D9D0159-F680-4E1B-B4E6-9ED1BDB03F40}.Debug|x86.Build.0 = Debug|Any CPU
		{4D9D0159-F680-4E1B-B4E6-9ED1BDB03F40}.Release|Any CPU.ActiveCfg = Release|Any CPU
		{4D9D0159-F680-4E1B-B4E6-9ED1BDB03F40}.Release|Any CPU.Build.0 = Release|Any CPU
		{4D9D0159-F680-4E1B-B4E6-9ED1BDB03F40}.Release|x64.ActiveCfg = Release|Any CPU
		{4D9D0159-F680-4E1B-B4E6-9ED1BDB03F40}.Release|x64.Build.0 = Release|Any CPU
		{4D9D0159-F680-4E1B-B4E6-9ED1BDB03F40}.Release|x86.ActiveCfg = Release|Any CPU
		{4D9D0159-F680-4E1B-B4E6-9ED1BDB03F40}.Release|x86.Build.0 = Release|Any CPU
		{F0CDCECB-91D0-45AF-8500-235F58976473}.Debug|Any CPU.ActiveCfg = Debug|Any CPU
		{F0CDCECB-91D0-45AF-8500-235F58976473}.Debug|Any CPU.Build.0 = Debug|Any CPU
		{F0CDCECB-91D0-45AF-8500-235F58976473}.Debug|x64.ActiveCfg = Debug|Any CPU
		{F0CDCECB-91D0-45AF-8500-235F58976473}.Debug|x64.Build.0 = Debug|Any CPU
		{F0CDCECB-91D0-45AF-8500-235F58976473}.Debug|x86.ActiveCfg = Debug|Any CPU
		{F0CDCECB-91D0-45AF-8500-235F58976473}.Debug|x86.Build.0 = Debug|Any CPU
		{F0CDCECB-91D0-45AF-8500-235F58976473}.Release|Any CPU.ActiveCfg = Release|Any CPU
		{F0CDCECB-91D0-45AF-8500-235F58976473}.Release|Any CPU.Build.0 = Release|Any CPU
		{F0CDCECB-91D0-45AF-8500-235F58976473}.Release|x64.ActiveCfg = Release|Any CPU
		{F0CDCECB-91D0-45AF-8500-235F58976473}.Release|x64.Build.0 = Release|Any CPU
		{F0CDCECB-91D0-45AF-8500-235F58976473}.Release|x86.ActiveCfg = Release|Any CPU
		{F0CDCECB-91D0-45AF-8500-235F58976473}.Release|x86.Build.0 = Release|Any CPU
		{2BBEF5B4-F778-461C-9ECF-30500AD8578F}.Debug|Any CPU.ActiveCfg = Debug|Any CPU
		{2BBEF5B4-F778-461C-9ECF-30500AD8578F}.Debug|Any CPU.Build.0 = Debug|Any CPU
		{2BBEF5B4-F778-461C-9ECF-30500AD8578F}.Debug|x64.ActiveCfg = Debug|Any CPU
		{2BBEF5B4-F778-461C-9ECF-30500AD8578F}.Debug|x64.Build.0 = Debug|Any CPU
		{2BBEF5B4-F778-461C-9ECF-30500AD8578F}.Debug|x86.ActiveCfg = Debug|Any CPU
		{2BBEF5B4-F778-461C-9ECF-30500AD8578F}.Debug|x86.Build.0 = Debug|Any CPU
		{2BBEF5B4-F778-461C-9ECF-30500AD8578F}.Release|Any CPU.ActiveCfg = Release|Any CPU
		{2BBEF5B4-F778-461C-9ECF-30500AD8578F}.Release|Any CPU.Build.0 = Release|Any CPU
		{2BBEF5B4-F778-461C-9ECF-30500AD8578F}.Release|x64.ActiveCfg = Release|Any CPU
		{2BBEF5B4-F778-461C-9ECF-30500AD8578F}.Release|x64.Build.0 = Release|Any CPU
		{2BBEF5B4-F778-461C-9ECF-30500AD8578F}.Release|x86.ActiveCfg = Release|Any CPU
		{2BBEF5B4-F778-461C-9ECF-30500AD8578F}.Release|x86.Build.0 = Release|Any CPU
	EndGlobalSection
	GlobalSection(SolutionProperties) = preSolution
		HideSolutionNode = FALSE
	EndGlobalSection
	GlobalSection(NestedProjects) = preSolution
		{2015F370-2D4E-4EBC-B9E7-7FC3CA0A2037} = {9F97BFD9-DB95-483F-BF26-6ADA42D2D334}
		{03AB8B72-1A0C-4238-B369-C37147C42A48} = {FB1833DA-C3E8-46E8-8866-3AD0CF8EF3F9}
		{B0015B18-F29C-469A-A2AF-18C21AC8E4D9} = {FB1833DA-C3E8-46E8-8866-3AD0CF8EF3F9}
		{D0E681F8-9694-4D89-B2D9-2D94862467A8} = {FB1833DA-C3E8-46E8-8866-3AD0CF8EF3F9}
		{FF1350DD-5297-4100-BB8F-6A3047ED8AD5} = {FB1833DA-C3E8-46E8-8866-3AD0CF8EF3F9}
		{93B94D0E-4287-46D3-82EF-F81C636574DD} = {FB1833DA-C3E8-46E8-8866-3AD0CF8EF3F9}
		{C0CE8961-4137-4CA6-AD0E-0D69A55A3B16} = {FB1833DA-C3E8-46E8-8866-3AD0CF8EF3F9}
		{E84D0CB1-8DE6-413B-B2F1-2A8E6F7A994C} = {FB1833DA-C3E8-46E8-8866-3AD0CF8EF3F9}
		{0B7C9925-B90C-4E40-974A-EF1862D8728C} = {FB1833DA-C3E8-46E8-8866-3AD0CF8EF3F9}
		{2B364BAE-3D5B-467D-AA19-20EC929D14EA} = {FB1833DA-C3E8-46E8-8866-3AD0CF8EF3F9}
		{16042794-2E30-42D8-A6F9-F5D8020F9EF3} = {FB1833DA-C3E8-46E8-8866-3AD0CF8EF3F9}
		{6ADEE326-F1A6-486F-89D1-ACA0E2A24720} = {9F97BFD9-DB95-483F-BF26-6ADA42D2D334}
		{4D9D0159-F680-4E1B-B4E6-9ED1BDB03F40} = {FB1833DA-C3E8-46E8-8866-3AD0CF8EF3F9}
	EndGlobalSection
EndGlobal
